
Microsoft Visual Studio Solution File, Format Version 12.00
# Visual Studio Version 16
VisualStudioVersion = 16.0.30128.36
MinimumVisualStudioVersion = 10.0.40219.1
Project("{FAE04EC0-301F-11D3-BF4B-00C04F79EFBC}") = "AudoRecorderDemo", "AudoRecorderDemo\AudoRecorderDemo.csproj", "{10E17EFC-C467-4040-9F9D-294A49BCD938}"
EndProject
Global
	GlobalSection(SolutionConfigurationPlatforms) = preSolution
		Debug|Any CPU = Debug|Any CPU
		Release|Any CPU = Release|Any CPU
	EndGlobalSection
	GlobalSection(ProjectConfigurationPlatforms) = postSolution
		{10E17EFC-C467-4040-9F9D-294A49BCD938}.Debug|Any CPU.ActiveCfg = Debug|Any CPU
		{10E17EFC-C467-4040-9F9D-294A49BCD938}.Debug|Any CPU.Build.0 = Debug|Any CPU
		{10E17EFC-C467-4040-9F9D-294A49BCD938}.Release|Any CPU.ActiveCfg = Release|Any CPU
		{10E17EFC-C467-4040-9F9D-294A49BCD938}.Release|Any CPU.Build.0 = Release|Any CPU
	EndGlobalSection
	GlobalSection(SolutionProperties) = preSolution
		HideSolutionNode = FALSE
	EndGlobalSection
	GlobalSection(ExtensibilityGlobals) = postSolution
		SolutionGuid = {2EA5172F-9FBC-4C7B-BBF8-1477EA70E2C2}
	EndGlobalSection
EndGlobal
