
Microsoft Visual Studio Solution File, Format Version 12.00
# Visual Studio Version 16
VisualStudioVersion = 16.0.30717.126
MinimumVisualStudioVersion = 10.0.40219.1
Project("{FAE04EC0-301F-11D3-BF4B-00C04F79EFBC}") = "Server", "Server\Server.csproj", "{1DA78551-B554-42D9-9780-8F90C691F81F}"
EndProject
Project("{FAE04EC0-301F-11D3-BF4B-00C04F79EFBC}") = "Client", "Client\Client.csproj", "{45BA5E9D-B360-4C93-A15A-95CAE66E18CE}"
EndProject
Project("{FAE04EC0-301F-11D3-BF4B-00C04F79EFBC}") = "Common", "Common\Common.csproj", "{471FC1F4-5441-4998-8A72-2F224145D221}"
EndProject
Global
	GlobalSection(SolutionConfigurationPlatforms) = preSolution
		Debug|Any CPU = Debug|Any CPU
		Release|Any CPU = Release|Any CPU
	EndGlobalSection
	GlobalSection(ProjectConfigurationPlatforms) = postSolution
		{1DA78551-B554-42D9-9780-8F90C691F81F}.Debug|Any CPU.ActiveCfg = Debug|Any CPU
		{1DA78551-B554-42D9-9780-8F90C691F81F}.Debug|Any CPU.Build.0 = Debug|Any CPU
		{1DA78551-B554-42D9-9780-8F90C691F81F}.Release|Any CPU.ActiveCfg = Release|Any CPU
		{1DA78551-B554-42D9-9780-8F90C691F81F}.Release|Any CPU.Build.0 = Release|Any CPU
		{45BA5E9D-B360-4C93-A15A-95CAE66E18CE}.Debug|Any CPU.ActiveCfg = Debug|Any CPU
		{45BA5E9D-B360-4C93-A15A-95CAE66E18CE}.Debug|Any CPU.Build.0 = Debug|Any CPU
		{45BA5E9D-B360-4C93-A15A-95CAE66E18CE}.Release|Any CPU.ActiveCfg = Release|Any CPU
		{45BA5E9D-B360-4C93-A15A-95CAE66E18CE}.Release|Any CPU.Build.0 = Release|Any CPU
		{471FC1F4-5441-4998-8A72-2F224145D221}.Debug|Any CPU.ActiveCfg = Debug|Any CPU
		{471FC1F4-5441-4998-8A72-2F224145D221}.Debug|Any CPU.Build.0 = Debug|Any CPU
		{471FC1F4-5441-4998-8A72-2F224145D221}.Release|Any CPU.ActiveCfg = Release|Any CPU
		{471FC1F4-5441-4998-8A72-2F224145D221}.Release|Any CPU.Build.0 = Release|Any CPU
	EndGlobalSection
	GlobalSection(SolutionProperties) = preSolution
		HideSolutionNode = FALSE
	EndGlobalSection
	GlobalSection(ExtensibilityGlobals) = postSolution
		SolutionGuid = {11A9CBD1-F79E-43F4-A5BC-BC1B5DC5271F}
	EndGlobalSection
EndGlobal
