
Microsoft Visual Studio Solution File, Format Version 12.00
# Visual Studio Version 16
VisualStudioVersion = 16.0.32630.194
MinimumVisualStudioVersion = 10.0.40219.1
Project("{FAE04EC0-301F-11D3-BF4B-00C04F79EFBC}") = "DragablzDemo", "DragablzDemo\DragablzDemo.csproj", "{68D5D6A5-4062-42CF-83AF-F8E5C19C0D42}"
EndProject
Global
	GlobalSection(SolutionConfigurationPlatforms) = preSolution
		Debug|Any CPU = Debug|Any CPU
		Release|Any CPU = Release|Any CPU
	EndGlobalSection
	GlobalSection(ProjectConfigurationPlatforms) = postSolution
		{68D5D6A5-4062-42CF-83AF-F8E5C19C0D42}.Debug|Any CPU.ActiveCfg = Debug|Any CPU
		{68D5D6A5-4062-42CF-83AF-F8E5C19C0D42}.Debug|Any CPU.Build.0 = Debug|Any CPU
		{68D5D6A5-4062-42CF-83AF-F8E5C19C0D42}.Release|Any CPU.ActiveCfg = Release|Any CPU
		{68D5D6A5-4062-42CF-83AF-F8E5C19C0D42}.Release|Any CPU.Build.0 = Release|Any CPU
	EndGlobalSection
	GlobalSection(SolutionProperties) = preSolution
		HideSolutionNode = FALSE
	EndGlobalSection
	GlobalSection(ExtensibilityGlobals) = postSolution
		SolutionGuid = {342FC357-C99D-41FD-A14B-C529A589814C}
	EndGlobalSection
EndGlobal
