
Microsoft Visual Studio Solution File, Format Version 12.00
# Visual Studio 14
VisualStudioVersion = 14.0.24720.0
MinimumVisualStudioVersion = 10.0.40219.1
Project("{FAE04EC0-301F-11D3-BF4B-00C04F79EFBC}") = "DataSequenceWrapper", "DataSequenceWrapper\DataSequenceWrapper.csproj", "{DE3DBA0C-CFE4-4A4D-A14A-70484321B61B}"
	ProjectSection(ProjectDependencies) = postProject
		{A8F5310D-3DA0-4A97-8FA3-19CEE76DACD0} = {A8F5310D-3DA0-4A97-8FA3-19CEE76DACD0}
	EndProjectSection
EndProject
Project("{FAE04EC0-301F-11D3-BF4B-00C04F79EFBC}") = "Test", "Test\Test.csproj", "{B88D1389-5DDF-4A44-A4AE-CDD51F1BC487}"
	ProjectSection(ProjectDependencies) = postProject
		{DE3DBA0C-CFE4-4A4D-A14A-70484321B61B} = {DE3DBA0C-CFE4-4A4D-A14A-70484321B61B}
		{A8F5310D-3DA0-4A97-8FA3-19CEE76DACD0} = {A8F5310D-3DA0-4A97-8FA3-19CEE76DACD0}
	EndProjectSection
EndProject
Project("{8BC9CEB8-8B4A-11D0-8D11-00A0C91BC942}") = "DataSequence", "..\..\cpp\DLL\DataSequence\DataSequence\DataSequence.vcxproj", "{A8F5310D-3DA0-4A97-8FA3-19CEE76DACD0}"
EndProject
Global
	GlobalSection(SolutionConfigurationPlatforms) = preSolution
		Debug|Any CPU = Debug|Any CPU
		Debug|x64 = Debug|x64
		Debug|x86 = Debug|x86
		Release|Any CPU = Release|Any CPU
		Release|x64 = Release|x64
		Release|x86 = Release|x86
	EndGlobalSection
	GlobalSection(ProjectConfigurationPlatforms) = postSolution
		{DE3DBA0C-CFE4-4A4D-A14A-70484321B61B}.Debug|Any CPU.ActiveCfg = Debug|Any CPU
		{DE3DBA0C-CFE4-4A4D-A14A-70484321B61B}.Debug|Any CPU.Build.0 = Debug|Any CPU
		{DE3DBA0C-CFE4-4A4D-A14A-70484321B61B}.Debug|x64.ActiveCfg = Debug|Any CPU
		{DE3DBA0C-CFE4-4A4D-A14A-70484321B61B}.Debug|x64.Build.0 = Debug|Any CPU
		{DE3DBA0C-CFE4-4A4D-A14A-70484321B61B}.Debug|x86.ActiveCfg = Debug|Any CPU
		{DE3DBA0C-CFE4-4A4D-A14A-70484321B61B}.Debug|x86.Build.0 = Debug|Any CPU
		{DE3DBA0C-CFE4-4A4D-A14A-70484321B61B}.Release|Any CPU.ActiveCfg = Release|Any CPU
		{DE3DBA0C-CFE4-4A4D-A14A-70484321B61B}.Release|Any CPU.Build.0 = Release|Any CPU
		{DE3DBA0C-CFE4-4A4D-A14A-70484321B61B}.Release|x64.ActiveCfg = Release|Any CPU
		{DE3DBA0C-CFE4-4A4D-A14A-70484321B61B}.Release|x64.Build.0 = Release|Any CPU
		{DE3DBA0C-CFE4-4A4D-A14A-70484321B61B}.Release|x86.ActiveCfg = Release|Any CPU
		{DE3DBA0C-CFE4-4A4D-A14A-70484321B61B}.Release|x86.Build.0 = Release|Any CPU
		{B88D1389-5DDF-4A44-A4AE-CDD51F1BC487}.Debug|Any CPU.ActiveCfg = Debug|Any CPU
		{B88D1389-5DDF-4A44-A4AE-CDD51F1BC487}.Debug|Any CPU.Build.0 = Debug|Any CPU
		{B88D1389-5DDF-4A44-A4AE-CDD51F1BC487}.Debug|x64.ActiveCfg = Debug|Any CPU
		{B88D1389-5DDF-4A44-A4AE-CDD51F1BC487}.Debug|x64.Build.0 = Debug|Any CPU
		{B88D1389-5DDF-4A44-A4AE-CDD51F1BC487}.Debug|x86.ActiveCfg = Debug|Any CPU
		{B88D1389-5DDF-4A44-A4AE-CDD51F1BC487}.Debug|x86.Build.0 = Debug|Any CPU
		{B88D1389-5DDF-4A44-A4AE-CDD51F1BC487}.Release|Any CPU.ActiveCfg = Release|Any CPU
		{B88D1389-5DDF-4A44-A4AE-CDD51F1BC487}.Release|Any CPU.Build.0 = Release|Any CPU
		{B88D1389-5DDF-4A44-A4AE-CDD51F1BC487}.Release|x64.ActiveCfg = Release|Any CPU
		{B88D1389-5DDF-4A44-A4AE-CDD51F1BC487}.Release|x64.Build.0 = Release|Any CPU
		{B88D1389-5DDF-4A44-A4AE-CDD51F1BC487}.Release|x86.ActiveCfg = Release|Any CPU
		{B88D1389-5DDF-4A44-A4AE-CDD51F1BC487}.Release|x86.Build.0 = Release|Any CPU
		{A8F5310D-3DA0-4A97-8FA3-19CEE76DACD0}.Debug|Any CPU.ActiveCfg = Debug|Win32
		{A8F5310D-3DA0-4A97-8FA3-19CEE76DACD0}.Debug|Any CPU.Build.0 = Debug|Win32
		{A8F5310D-3DA0-4A97-8FA3-19CEE76DACD0}.Debug|x64.ActiveCfg = Debug|x64
		{A8F5310D-3DA0-4A97-8FA3-19CEE76DACD0}.Debug|x64.Build.0 = Debug|x64
		{A8F5310D-3DA0-4A97-8FA3-19CEE76DACD0}.Debug|x86.ActiveCfg = Debug|Win32
		{A8F5310D-3DA0-4A97-8FA3-19CEE76DACD0}.Debug|x86.Build.0 = Debug|Win32
		{A8F5310D-3DA0-4A97-8FA3-19CEE76DACD0}.Release|Any CPU.ActiveCfg = Release|Win32
		{A8F5310D-3DA0-4A97-8FA3-19CEE76DACD0}.Release|Any CPU.Build.0 = Release|Win32
		{A8F5310D-3DA0-4A97-8FA3-19CEE76DACD0}.Release|x64.ActiveCfg = Release|x64
		{A8F5310D-3DA0-4A97-8FA3-19CEE76DACD0}.Release|x64.Build.0 = Release|x64
		{A8F5310D-3DA0-4A97-8FA3-19CEE76DACD0}.Release|x86.ActiveCfg = Release|Win32
		{A8F5310D-3DA0-4A97-8FA3-19CEE76DACD0}.Release|x86.Build.0 = Release|Win32
	EndGlobalSection
	GlobalSection(SolutionProperties) = preSolution
		HideSolutionNode = FALSE
	EndGlobalSection
EndGlobal
