
Microsoft Visual Studio Solution File, Format Version 12.00
# Visual Studio 2013
VisualStudioVersion = 12.0.30501.0
MinimumVisualStudioVersion = 10.0.40219.1
Project("{8BC9CEB8-8B4A-11D0-8D11-00A0C91BC942}") = "set_page_size", "set_page_size.vcxproj", "{EF9900C1-3972-44FD-B5AF-7630E0A1CDDD}"
EndProject
Global
	GlobalSection(SolutionConfigurationPlatforms) = preSolution
		Debug|Win32 = Debug|Win32
		Release|Win32 = Release|Win32
	EndGlobalSection
	GlobalSection(ProjectConfigurationPlatforms) = postSolution
		{EF9900C1-3972-44FD-B5AF-7630E0A1CDDD}.Debug|Win32.ActiveCfg = Debug|Win32
		{EF9900C1-3972-44FD-B5AF-7630E0A1CDDD}.Debug|Win32.Build.0 = Debug|Win32
		{EF9900C1-3972-44FD-B5AF-7630E0A1CDDD}.Release|Win32.ActiveCfg = Release|Win32
		{EF9900C1-3972-44FD-B5AF-7630E0A1CDDD}.Release|Win32.Build.0 = Release|Win32
	EndGlobalSection
	GlobalSection(SolutionProperties) = preSolution
		HideSolutionNode = FALSE
	EndGlobalSection
EndGlobal
