
Microsoft Visual Studio Solution File, Format Version 12.00
# Visual Studio Version 16
VisualStudioVersion = 16.0.30717.126
MinimumVisualStudioVersion = 10.0.40219.1
Project("{FAE04EC0-301F-11D3-BF4B-00C04F79EFBC}") = "DragAndDropDemo", "DragAndDropDemo\DragAndDropDemo.csproj", "{7DF60FE9-DB21-466A-A153-45B1FF36B1B9}"
EndProject
Global
	GlobalSection(SolutionConfigurationPlatforms) = preSolution
		Debug|Any CPU = Debug|Any CPU
		Release|Any CPU = Release|Any CPU
	EndGlobalSection
	GlobalSection(ProjectConfigurationPlatforms) = postSolution
		{7DF60FE9-DB21-466A-A153-45B1FF36B1B9}.Debug|Any CPU.ActiveCfg = Debug|Any CPU
		{7DF60FE9-DB21-466A-A153-45B1FF36B1B9}.Debug|Any CPU.Build.0 = Debug|Any CPU
		{7DF60FE9-DB21-466A-A153-45B1FF36B1B9}.Release|Any CPU.ActiveCfg = Release|Any CPU
		{7DF60FE9-DB21-466A-A153-45B1FF36B1B9}.Release|Any CPU.Build.0 = Release|Any CPU
	EndGlobalSection
	GlobalSection(SolutionProperties) = preSolution
		HideSolutionNode = FALSE
	EndGlobalSection
	GlobalSection(ExtensibilityGlobals) = postSolution
		SolutionGuid = {BFFC594F-F58B-414F-B74E-A17744C6E189}
	EndGlobalSection
EndGlobal
