
Microsoft Visual Studio Solution File, Format Version 12.00
# Visual Studio Version 16
VisualStudioVersion = 16.0.30717.126
MinimumVisualStudioVersion = 10.0.40219.1
Project("{FAE04EC0-301F-11D3-BF4B-00C04F79EFBC}") = "ATasteOfGitVersion", "ATasteOfGitVersion\ATasteOfGitVersion.csproj", "{DDAFFAC3-0094-49FE-B79F-0B20F2BCE2A8}"
EndProject
Global
	GlobalSection(SolutionConfigurationPlatforms) = preSolution
		Debug|Any CPU = Debug|Any CPU
		Release|Any CPU = Release|Any CPU
	EndGlobalSection
	GlobalSection(ProjectConfigurationPlatforms) = postSolution
		{DDAFFAC3-0094-49FE-B79F-0B20F2BCE2A8}.Debug|Any CPU.ActiveCfg = Debug|Any CPU
		{DDAFFAC3-0094-49FE-B79F-0B20F2BCE2A8}.Debug|Any CPU.Build.0 = Debug|Any CPU
		{DDAFFAC3-0094-49FE-B79F-0B20F2BCE2A8}.Release|Any CPU.ActiveCfg = Release|Any CPU
		{DDAFFAC3-0094-49FE-B79F-0B20F2BCE2A8}.Release|Any CPU.Build.0 = Release|Any CPU
	EndGlobalSection
	GlobalSection(SolutionProperties) = preSolution
		HideSolutionNode = FALSE
	EndGlobalSection
	GlobalSection(ExtensibilityGlobals) = postSolution
		SolutionGuid = {CB76E135-7817-4A88-BF39-0137C5C31AE2}
	EndGlobalSection
EndGlobal
