
Microsoft Visual Studio Solution File, Format Version 12.00
# Visual Studio Version 17
VisualStudioVersion = 17.4.33213.308
MinimumVisualStudioVersion = 10.0.40219.1
Project("{9A19103F-16F7-4668-BE54-9A1E7A4F7556}") = "NetStat", "NetStat\NetStat.csproj", "{1ED0EF0A-6156-4A7B-95CC-126928046B2D}"
EndProject
Project("{9A19103F-16F7-4668-BE54-9A1E7A4F7556}") = "Common.WPF", "..\Common.WPF\Common.WPF.csproj", "{A5151BD9-5FA5-41B6-BA57-04250797C887}"
EndProject
Global
	GlobalSection(SolutionConfigurationPlatforms) = preSolution
		Debug|Any CPU = Debug|Any CPU
		Release|Any CPU = Release|Any CPU
	EndGlobalSection
	GlobalSection(ProjectConfigurationPlatforms) = postSolution
		{1ED0EF0A-6156-4A7B-95CC-126928046B2D}.Debug|Any CPU.ActiveCfg = Debug|Any CPU
		{1ED0EF0A-6156-4A7B-95CC-126928046B2D}.Debug|Any CPU.Build.0 = Debug|Any CPU
		{1ED0EF0A-6156-4A7B-95CC-126928046B2D}.Release|Any CPU.ActiveCfg = Release|Any CPU
		{1ED0EF0A-6156-4A7B-95CC-126928046B2D}.Release|Any CPU.Build.0 = Release|Any CPU
		{A5151BD9-5FA5-41B6-BA57-04250797C887}.Debug|Any CPU.ActiveCfg = Debug|Any CPU
		{A5151BD9-5FA5-41B6-BA57-04250797C887}.Debug|Any CPU.Build.0 = Debug|Any CPU
		{A5151BD9-5FA5-41B6-BA57-04250797C887}.Release|Any CPU.ActiveCfg = Release|Any CPU
		{A5151BD9-5FA5-41B6-BA57-04250797C887}.Release|Any CPU.Build.0 = Release|Any CPU
	EndGlobalSection
	GlobalSection(SolutionProperties) = preSolution
		HideSolutionNode = FALSE
	EndGlobalSection
	GlobalSection(ExtensibilityGlobals) = postSolution
		SolutionGuid = {72A3B30A-3341-449C-8F7B-104A83082BF4}
	EndGlobalSection
EndGlobal
