
Microsoft Visual Studio Solution File, Format Version 12.00
# Visual Studio 15
VisualStudioVersion = 15.0.28307.572
MinimumVisualStudioVersion = 10.0.40219.1
Project("{FAE04EC0-301F-11D3-BF4B-00C04F79EFBC}") = "FakeADemo", "FakeADemo\FakeADemo.csproj", "{071E292A-AC0D-45AC-A66C-FC84E91B1085}"
EndProject
Project("{FAE04EC0-301F-11D3-BF4B-00C04F79EFBC}") = "FakeAD", "FakeAD\FakeAD.csproj", "{F5FD07D8-CAC0-47C4-A200-81300CFFCFB8}"
EndProject
Global
	GlobalSection(SolutionConfigurationPlatforms) = preSolution
		Debug|Any CPU = Debug|Any CPU
		Release|Any CPU = Release|Any CPU
	EndGlobalSection
	GlobalSection(ProjectConfigurationPlatforms) = postSolution
		{071E292A-AC0D-45AC-A66C-FC84E91B1085}.Debug|Any CPU.ActiveCfg = Debug|Any CPU
		{071E292A-AC0D-45AC-A66C-FC84E91B1085}.Debug|Any CPU.Build.0 = Debug|Any CPU
		{071E292A-AC0D-45AC-A66C-FC84E91B1085}.Release|Any CPU.ActiveCfg = Release|Any CPU
		{071E292A-AC0D-45AC-A66C-FC84E91B1085}.Release|Any CPU.Build.0 = Release|Any CPU
		{F5FD07D8-CAC0-47C4-A200-81300CFFCFB8}.Debug|Any CPU.ActiveCfg = Debug|Any CPU
		{F5FD07D8-CAC0-47C4-A200-81300CFFCFB8}.Debug|Any CPU.Build.0 = Debug|Any CPU
		{F5FD07D8-CAC0-47C4-A200-81300CFFCFB8}.Release|Any CPU.ActiveCfg = Release|Any CPU
		{F5FD07D8-CAC0-47C4-A200-81300CFFCFB8}.Release|Any CPU.Build.0 = Release|Any CPU
	EndGlobalSection
	GlobalSection(SolutionProperties) = preSolution
		HideSolutionNode = FALSE
	EndGlobalSection
	GlobalSection(ExtensibilityGlobals) = postSolution
		SolutionGuid = {9264B7C1-4C7E-4BC5-A021-FAF9F5A2F03C}
	EndGlobalSection
EndGlobal
