
Microsoft Visual Studio Solution File, Format Version 12.00
# Visual Studio Version 17
VisualStudioVersion = 17.4.33213.308
MinimumVisualStudioVersion = 10.0.40219.1
Project("{FAE04EC0-301F-11D3-BF4B-00C04F79EFBC}") = "NetworkDemo", "NetworkDemo\NetworkDemo.csproj", "{16245B94-3878-495F-B5CF-F39C790B2B94}"
EndProject
Project("{9A19103F-16F7-4668-BE54-9A1E7A4F7556}") = "Common.DotNet", "..\..\Common.DotNet\Common.DotNet.csproj", "{B0EF1F8D-0F70-4F8F-BB4A-7EF44077315C}"
EndProject
Global
	GlobalSection(SolutionConfigurationPlatforms) = preSolution
		Debug|Any CPU = Debug|Any CPU
		Release|Any CPU = Release|Any CPU
	EndGlobalSection
	GlobalSection(ProjectConfigurationPlatforms) = postSolution
		{16245B94-3878-495F-B5CF-F39C790B2B94}.Debug|Any CPU.ActiveCfg = Debug|Any CPU
		{16245B94-3878-495F-B5CF-F39C790B2B94}.Debug|Any CPU.Build.0 = Debug|Any CPU
		{16245B94-3878-495F-B5CF-F39C790B2B94}.Release|Any CPU.ActiveCfg = Release|Any CPU
		{16245B94-3878-495F-B5CF-F39C790B2B94}.Release|Any CPU.Build.0 = Release|Any CPU
		{B0EF1F8D-0F70-4F8F-BB4A-7EF44077315C}.Debug|Any CPU.ActiveCfg = Debug|Any CPU
		{B0EF1F8D-0F70-4F8F-BB4A-7EF44077315C}.Debug|Any CPU.Build.0 = Debug|Any CPU
		{B0EF1F8D-0F70-4F8F-BB4A-7EF44077315C}.Release|Any CPU.ActiveCfg = Release|Any CPU
		{B0EF1F8D-0F70-4F8F-BB4A-7EF44077315C}.Release|Any CPU.Build.0 = Release|Any CPU
	EndGlobalSection
	GlobalSection(SolutionProperties) = preSolution
		HideSolutionNode = FALSE
	EndGlobalSection
	GlobalSection(ExtensibilityGlobals) = postSolution
		SolutionGuid = {5AE532CC-ABBE-49FF-AAA5-F0210C064E81}
	EndGlobalSection
EndGlobal
