
Microsoft Visual Studio Solution File, Format Version 12.00
# Visual Studio 15
VisualStudioVersion = 15.0.26730.8
MinimumVisualStudioVersion = 10.0.40219.1
Project("{FAE04EC0-301F-11D3-BF4B-00C04F79EFBC}") = "UDPClient", "UDPClient\UDPClient.csproj", "{A98FAEEA-49CD-43B3-8145-C5A2E05F3C0D}"
EndProject
Project("{FAE04EC0-301F-11D3-BF4B-00C04F79EFBC}") = "Common", "..\..\Common\Common.csproj", "{B5EBAD3E-67DF-4E3B-9B16-E977BD49376D}"
EndProject
Project("{FAE04EC0-301F-11D3-BF4B-00C04F79EFBC}") = "UDPServer", "UDPServer\UDPServer.csproj", "{9E36D2C9-8428-4305-9B78-1642787F11B5}"
EndProject
Global
	GlobalSection(SolutionConfigurationPlatforms) = preSolution
		Debug|Any CPU = Debug|Any CPU
		Release|Any CPU = Release|Any CPU
	EndGlobalSection
	GlobalSection(ProjectConfigurationPlatforms) = postSolution
		{A98FAEEA-49CD-43B3-8145-C5A2E05F3C0D}.Debug|Any CPU.ActiveCfg = Debug|Any CPU
		{A98FAEEA-49CD-43B3-8145-C5A2E05F3C0D}.Debug|Any CPU.Build.0 = Debug|Any CPU
		{A98FAEEA-49CD-43B3-8145-C5A2E05F3C0D}.Release|Any CPU.ActiveCfg = Release|Any CPU
		{A98FAEEA-49CD-43B3-8145-C5A2E05F3C0D}.Release|Any CPU.Build.0 = Release|Any CPU
		{B5EBAD3E-67DF-4E3B-9B16-E977BD49376D}.Debug|Any CPU.ActiveCfg = Debug|Any CPU
		{B5EBAD3E-67DF-4E3B-9B16-E977BD49376D}.Debug|Any CPU.Build.0 = Debug|Any CPU
		{B5EBAD3E-67DF-4E3B-9B16-E977BD49376D}.Release|Any CPU.ActiveCfg = Release|Any CPU
		{B5EBAD3E-67DF-4E3B-9B16-E977BD49376D}.Release|Any CPU.Build.0 = Release|Any CPU
		{9E36D2C9-8428-4305-9B78-1642787F11B5}.Debug|Any CPU.ActiveCfg = Debug|Any CPU
		{9E36D2C9-8428-4305-9B78-1642787F11B5}.Debug|Any CPU.Build.0 = Debug|Any CPU
		{9E36D2C9-8428-4305-9B78-1642787F11B5}.Release|Any CPU.ActiveCfg = Release|Any CPU
		{9E36D2C9-8428-4305-9B78-1642787F11B5}.Release|Any CPU.Build.0 = Release|Any CPU
	EndGlobalSection
	GlobalSection(SolutionProperties) = preSolution
		HideSolutionNode = FALSE
	EndGlobalSection
	GlobalSection(ExtensibilityGlobals) = postSolution
		SolutionGuid = {5D8B4933-DEEC-4A67-9B54-4BBA8E8C6018}
	EndGlobalSection
EndGlobal
