
Microsoft Visual Studio Solution File, Format Version 12.00
# Visual Studio Version 16
VisualStudioVersion = 16.0.30717.126
MinimumVisualStudioVersion = 10.0.40219.1
Project("{FAE04EC0-301F-11D3-BF4B-00C04F79EFBC}") = "UIAutomation", "UIAutomation\UIAutomation.csproj", "{AD3869E7-0205-4051-83B1-D960B68974B8}"
EndProject
Global
	GlobalSection(SolutionConfigurationPlatforms) = preSolution
		Debug|Any CPU = Debug|Any CPU
		Release|Any CPU = Release|Any CPU
	EndGlobalSection
	GlobalSection(ProjectConfigurationPlatforms) = postSolution
		{AD3869E7-0205-4051-83B1-D960B68974B8}.Debug|Any CPU.ActiveCfg = Debug|Any CPU
		{AD3869E7-0205-4051-83B1-D960B68974B8}.Debug|Any CPU.Build.0 = Debug|Any CPU
		{AD3869E7-0205-4051-83B1-D960B68974B8}.Release|Any CPU.ActiveCfg = Release|Any CPU
		{AD3869E7-0205-4051-83B1-D960B68974B8}.Release|Any CPU.Build.0 = Release|Any CPU
	EndGlobalSection
	GlobalSection(SolutionProperties) = preSolution
		HideSolutionNode = FALSE
	EndGlobalSection
	GlobalSection(ExtensibilityGlobals) = postSolution
		SolutionGuid = {30E164FD-B8D0-4AA7-A322-FB176AE2BA29}
	EndGlobalSection
EndGlobal
