
Microsoft Visual Studio Solution File, Format Version 12.00
# Visual Studio Version 16
VisualStudioVersion = 16.0.30717.126
MinimumVisualStudioVersion = 10.0.40219.1
Project("{FAE04EC0-301F-11D3-BF4B-00C04F79EFBC}") = "HelloNLog", "HelloNLog.csproj", "{7D1F1974-FED7-4F9E-B9E4-16EC675CDF7D}"
EndProject
Global
	GlobalSection(SolutionConfigurationPlatforms) = preSolution
		Debug|Any CPU = Debug|Any CPU
		Release|Any CPU = Release|Any CPU
	EndGlobalSection
	GlobalSection(ProjectConfigurationPlatforms) = postSolution
		{7D1F1974-FED7-4F9E-B9E4-16EC675CDF7D}.Debug|Any CPU.ActiveCfg = Debug|Any CPU
		{7D1F1974-FED7-4F9E-B9E4-16EC675CDF7D}.Debug|Any CPU.Build.0 = Debug|Any CPU
		{7D1F1974-FED7-4F9E-B9E4-16EC675CDF7D}.Release|Any CPU.ActiveCfg = Release|Any CPU
		{7D1F1974-FED7-4F9E-B9E4-16EC675CDF7D}.Release|Any CPU.Build.0 = Release|Any CPU
	EndGlobalSection
	GlobalSection(SolutionProperties) = preSolution
		HideSolutionNode = FALSE
	EndGlobalSection
	GlobalSection(ExtensibilityGlobals) = postSolution
		SolutionGuid = {A05F26AC-69BA-4E51-974D-CF24F2A5EEF3}
	EndGlobalSection
EndGlobal
