
Microsoft Visual Studio Solution File, Format Version 12.00
# Visual Studio Version 16
VisualStudioVersion = 16.0.32630.194
MinimumVisualStudioVersion = 10.0.40219.1
Project("{9A19103F-16F7-4668-BE54-9A1E7A4F7556}") = "ShortcutKeyDemo", "ShortcutKeyDemo\ShortcutKeyDemo.csproj", "{789BC395-03C7-4199-862A-96ED8BD6AE1B}"
EndProject
Project("{9A19103F-16F7-4668-BE54-9A1E7A4F7556}") = "Common.WPF", "..\..\Common.WPF\Common.WPF.csproj", "{C5AAD663-221E-41CE-A9C4-355C44F87E4E}"
EndProject
Project("{9A19103F-16F7-4668-BE54-9A1E7A4F7556}") = "Common.DotNet", "..\..\..\Common.DotNet\Common.DotNet.csproj", "{5973E3D4-C271-4A6F-B076-D6649043DA32}"
EndProject
Global
	GlobalSection(SolutionConfigurationPlatforms) = preSolution
		Debug|Any CPU = Debug|Any CPU
		Release|Any CPU = Release|Any CPU
	EndGlobalSection
	GlobalSection(ProjectConfigurationPlatforms) = postSolution
		{789BC395-03C7-4199-862A-96ED8BD6AE1B}.Debug|Any CPU.ActiveCfg = Debug|Any CPU
		{789BC395-03C7-4199-862A-96ED8BD6AE1B}.Debug|Any CPU.Build.0 = Debug|Any CPU
		{789BC395-03C7-4199-862A-96ED8BD6AE1B}.Release|Any CPU.ActiveCfg = Release|Any CPU
		{789BC395-03C7-4199-862A-96ED8BD6AE1B}.Release|Any CPU.Build.0 = Release|Any CPU
		{C5AAD663-221E-41CE-A9C4-355C44F87E4E}.Debug|Any CPU.ActiveCfg = Debug|Any CPU
		{C5AAD663-221E-41CE-A9C4-355C44F87E4E}.Debug|Any CPU.Build.0 = Debug|Any CPU
		{C5AAD663-221E-41CE-A9C4-355C44F87E4E}.Release|Any CPU.ActiveCfg = Release|Any CPU
		{C5AAD663-221E-41CE-A9C4-355C44F87E4E}.Release|Any CPU.Build.0 = Release|Any CPU
		{5973E3D4-C271-4A6F-B076-D6649043DA32}.Debug|Any CPU.ActiveCfg = Debug|Any CPU
		{5973E3D4-C271-4A6F-B076-D6649043DA32}.Debug|Any CPU.Build.0 = Debug|Any CPU
		{5973E3D4-C271-4A6F-B076-D6649043DA32}.Release|Any CPU.ActiveCfg = Release|Any CPU
		{5973E3D4-C271-4A6F-B076-D6649043DA32}.Release|Any CPU.Build.0 = Release|Any CPU
	EndGlobalSection
	GlobalSection(SolutionProperties) = preSolution
		HideSolutionNode = FALSE
	EndGlobalSection
	GlobalSection(ExtensibilityGlobals) = postSolution
		SolutionGuid = {C8A5D3B5-7B53-4FBB-ACD4-19AEF446319C}
	EndGlobalSection
EndGlobal
