
Microsoft Visual Studio Solution File, Format Version 12.00
# Visual Studio Version 16
VisualStudioVersion = 16.0.32630.194
MinimumVisualStudioVersion = 10.0.40219.1
Project("{9A19103F-16F7-4668-BE54-9A1E7A4F7556}") = "Common.WPF", "Common.WPF.csproj", "{C65AE0AB-2511-4AAA-836D-79409DF52106}"
EndProject
Global
	GlobalSection(SolutionConfigurationPlatforms) = preSolution
		Debug|Any CPU = Debug|Any CPU
		Release|Any CPU = Release|Any CPU
	EndGlobalSection
	GlobalSection(ProjectConfigurationPlatforms) = postSolution
		{C65AE0AB-2511-4AAA-836D-79409DF52106}.Debug|Any CPU.ActiveCfg = Debug|Any CPU
		{C65AE0AB-2511-4AAA-836D-79409DF52106}.Debug|Any CPU.Build.0 = Debug|Any CPU
		{C65AE0AB-2511-4AAA-836D-79409DF52106}.Release|Any CPU.ActiveCfg = Release|Any CPU
		{C65AE0AB-2511-4AAA-836D-79409DF52106}.Release|Any CPU.Build.0 = Release|Any CPU
	EndGlobalSection
	GlobalSection(SolutionProperties) = preSolution
		HideSolutionNode = FALSE
	EndGlobalSection
	GlobalSection(ExtensibilityGlobals) = postSolution
		SolutionGuid = {E36272C8-2E66-4CC0-9D5A-9C22CCE56AD4}
	EndGlobalSection
EndGlobal
