
Microsoft Visual Studio Solution File, Format Version 12.00
# Visual Studio Version 17
VisualStudioVersion = 17.5.33103.201
MinimumVisualStudioVersion = 10.0.40219.1
Project("{FAE04EC0-301F-11D3-BF4B-00C04F79EFBC}") = "CloseDialogDemo", "CloseDialogDemo\CloseDialogDemo.csproj", "{47E66558-1EA3-4F7C-B62C-96CA4D0F5D69}"
EndProject
Global
	GlobalSection(SolutionConfigurationPlatforms) = preSolution
		Debug|Any CPU = Debug|Any CPU
		Release|Any CPU = Release|Any CPU
	EndGlobalSection
	GlobalSection(ProjectConfigurationPlatforms) = postSolution
		{47E66558-1EA3-4F7C-B62C-96CA4D0F5D69}.Debug|Any CPU.ActiveCfg = Debug|Any CPU
		{47E66558-1EA3-4F7C-B62C-96CA4D0F5D69}.Debug|Any CPU.Build.0 = Debug|Any CPU
		{47E66558-1EA3-4F7C-B62C-96CA4D0F5D69}.Release|Any CPU.ActiveCfg = Release|Any CPU
		{47E66558-1EA3-4F7C-B62C-96CA4D0F5D69}.Release|Any CPU.Build.0 = Release|Any CPU
	EndGlobalSection
	GlobalSection(SolutionProperties) = preSolution
		HideSolutionNode = FALSE
	EndGlobalSection
	GlobalSection(ExtensibilityGlobals) = postSolution
		SolutionGuid = {C201DDC7-982A-4252-8979-DA1C49836761}
	EndGlobalSection
EndGlobal
