
Microsoft Visual Studio Solution File, Format Version 12.00
# Visual Studio 14
VisualStudioVersion = 14.0.24720.0
MinimumVisualStudioVersion = 10.0.40219.1
Project("{FAE04EC0-301F-11D3-BF4B-00C04F79EFBC}") = "DrawSineCurve", "DrawSineCurve\DrawSineCurve.csproj", "{78956754-159F-4ABC-8FA0-7F7562E4B146}"
	ProjectSection(ProjectDependencies) = postProject
		{FB9676D6-4642-4FC5-9471-E9E4FC42C63B} = {FB9676D6-4642-4FC5-9471-E9E4FC42C63B}
	EndProjectSection
EndProject
Project("{8BC9CEB8-8B4A-11D0-8D11-00A0C91BC942}") = "DrawSineCurveNative", "DrawSineCurveNative\DrawSineCurveNative.vcxproj", "{FB9676D6-4642-4FC5-9471-E9E4FC42C63B}"
EndProject
Project("{FAE04EC0-301F-11D3-BF4B-00C04F79EFBC}") = "Common", "..\..\Common\Common.csproj", "{B5EBAD3E-67DF-4E3B-9B16-E977BD49376D}"
EndProject
Global
	GlobalSection(SolutionConfigurationPlatforms) = preSolution
		Debug|Any CPU = Debug|Any CPU
		Debug|x64 = Debug|x64
		Debug|x86 = Debug|x86
		Release|Any CPU = Release|Any CPU
		Release|x64 = Release|x64
		Release|x86 = Release|x86
	EndGlobalSection
	GlobalSection(ProjectConfigurationPlatforms) = postSolution
		{78956754-159F-4ABC-8FA0-7F7562E4B146}.Debug|Any CPU.ActiveCfg = Debug|Any CPU
		{78956754-159F-4ABC-8FA0-7F7562E4B146}.Debug|Any CPU.Build.0 = Debug|Any CPU
		{78956754-159F-4ABC-8FA0-7F7562E4B146}.Debug|x64.ActiveCfg = Debug|Any CPU
		{78956754-159F-4ABC-8FA0-7F7562E4B146}.Debug|x64.Build.0 = Debug|Any CPU
		{78956754-159F-4ABC-8FA0-7F7562E4B146}.Debug|x86.ActiveCfg = Debug|Any CPU
		{78956754-159F-4ABC-8FA0-7F7562E4B146}.Debug|x86.Build.0 = Debug|Any CPU
		{78956754-159F-4ABC-8FA0-7F7562E4B146}.Release|Any CPU.ActiveCfg = Release|Any CPU
		{78956754-159F-4ABC-8FA0-7F7562E4B146}.Release|Any CPU.Build.0 = Release|Any CPU
		{78956754-159F-4ABC-8FA0-7F7562E4B146}.Release|x64.ActiveCfg = Release|Any CPU
		{78956754-159F-4ABC-8FA0-7F7562E4B146}.Release|x64.Build.0 = Release|Any CPU
		{78956754-159F-4ABC-8FA0-7F7562E4B146}.Release|x86.ActiveCfg = Release|Any CPU
		{78956754-159F-4ABC-8FA0-7F7562E4B146}.Release|x86.Build.0 = Release|Any CPU
		{FB9676D6-4642-4FC5-9471-E9E4FC42C63B}.Debug|Any CPU.ActiveCfg = Debug|Win32
		{FB9676D6-4642-4FC5-9471-E9E4FC42C63B}.Debug|Any CPU.Build.0 = Debug|Win32
		{FB9676D6-4642-4FC5-9471-E9E4FC42C63B}.Debug|x64.ActiveCfg = Debug|x64
		{FB9676D6-4642-4FC5-9471-E9E4FC42C63B}.Debug|x64.Build.0 = Debug|x64
		{FB9676D6-4642-4FC5-9471-E9E4FC42C63B}.Debug|x86.ActiveCfg = Debug|Win32
		{FB9676D6-4642-4FC5-9471-E9E4FC42C63B}.Debug|x86.Build.0 = Debug|Win32
		{FB9676D6-4642-4FC5-9471-E9E4FC42C63B}.Release|Any CPU.ActiveCfg = Release|Win32
		{FB9676D6-4642-4FC5-9471-E9E4FC42C63B}.Release|Any CPU.Build.0 = Release|Win32
		{FB9676D6-4642-4FC5-9471-E9E4FC42C63B}.Release|x64.ActiveCfg = Release|x64
		{FB9676D6-4642-4FC5-9471-E9E4FC42C63B}.Release|x64.Build.0 = Release|x64
		{FB9676D6-4642-4FC5-9471-E9E4FC42C63B}.Release|x86.ActiveCfg = Release|Win32
		{FB9676D6-4642-4FC5-9471-E9E4FC42C63B}.Release|x86.Build.0 = Release|Win32
		{B5EBAD3E-67DF-4E3B-9B16-E977BD49376D}.Debug|Any CPU.ActiveCfg = Debug|Any CPU
		{B5EBAD3E-67DF-4E3B-9B16-E977BD49376D}.Debug|Any CPU.Build.0 = Debug|Any CPU
		{B5EBAD3E-67DF-4E3B-9B16-E977BD49376D}.Debug|x64.ActiveCfg = Debug|Any CPU
		{B5EBAD3E-67DF-4E3B-9B16-E977BD49376D}.Debug|x64.Build.0 = Debug|Any CPU
		{B5EBAD3E-67DF-4E3B-9B16-E977BD49376D}.Debug|x86.ActiveCfg = Debug|Any CPU
		{B5EBAD3E-67DF-4E3B-9B16-E977BD49376D}.Debug|x86.Build.0 = Debug|Any CPU
		{B5EBAD3E-67DF-4E3B-9B16-E977BD49376D}.Release|Any CPU.ActiveCfg = Release|Any CPU
		{B5EBAD3E-67DF-4E3B-9B16-E977BD49376D}.Release|Any CPU.Build.0 = Release|Any CPU
		{B5EBAD3E-67DF-4E3B-9B16-E977BD49376D}.Release|x64.ActiveCfg = Release|Any CPU
		{B5EBAD3E-67DF-4E3B-9B16-E977BD49376D}.Release|x64.Build.0 = Release|Any CPU
		{B5EBAD3E-67DF-4E3B-9B16-E977BD49376D}.Release|x86.ActiveCfg = Release|Any CPU
		{B5EBAD3E-67DF-4E3B-9B16-E977BD49376D}.Release|x86.Build.0 = Release|Any CPU
	EndGlobalSection
	GlobalSection(SolutionProperties) = preSolution
		HideSolutionNode = FALSE
	EndGlobalSection
EndGlobal
