
Microsoft Visual Studio Solution File, Format Version 12.00
# Visual Studio Version 16
VisualStudioVersion = 16.0.30717.126
MinimumVisualStudioVersion = 10.0.40219.1
Project("{FAE04EC0-301F-11D3-BF4B-00C04F79EFBC}") = "ShowDialogAsync", "ShowDialogAsync\ShowDialogAsync.csproj", "{E643F454-1F29-4375-A8CB-0F479281214A}"
EndProject
Global
	GlobalSection(SolutionConfigurationPlatforms) = preSolution
		Debug|Any CPU = Debug|Any CPU
		Release|Any CPU = Release|Any CPU
	EndGlobalSection
	GlobalSection(ProjectConfigurationPlatforms) = postSolution
		{E643F454-1F29-4375-A8CB-0F479281214A}.Debug|Any CPU.ActiveCfg = Debug|Any CPU
		{E643F454-1F29-4375-A8CB-0F479281214A}.Debug|Any CPU.Build.0 = Debug|Any CPU
		{E643F454-1F29-4375-A8CB-0F479281214A}.Release|Any CPU.ActiveCfg = Release|Any CPU
		{E643F454-1F29-4375-A8CB-0F479281214A}.Release|Any CPU.Build.0 = Release|Any CPU
	EndGlobalSection
	GlobalSection(SolutionProperties) = preSolution
		HideSolutionNode = FALSE
	EndGlobalSection
	GlobalSection(ExtensibilityGlobals) = postSolution
		SolutionGuid = {C67865BC-F8A8-4730-8DCE-72660C5F3CE9}
	EndGlobalSection
EndGlobal
