
Microsoft Visual Studio Solution File, Format Version 12.00
# Visual Studio 2013
VisualStudioVersion = 12.0.30501.0
MinimumVisualStudioVersion = 10.0.40219.1
Project("{8BC9CEB8-8B4A-11D0-8D11-00A0C91BC942}") = "Server", "Server\Server.vcxproj", "{997A3AFF-4429-441D-BBB0-B69A224D99EB}"
EndProject
Project("{8BC9CEB8-8B4A-11D0-8D11-00A0C91BC942}") = "Client", "Client\Client.vcxproj", "{9BC51516-208B-4D00-A21A-50C2ACFFEE8E}"
EndProject
Global
	GlobalSection(SolutionConfigurationPlatforms) = preSolution
		Debug|Win32 = Debug|Win32
		Release|Win32 = Release|Win32
	EndGlobalSection
	GlobalSection(ProjectConfigurationPlatforms) = postSolution
		{997A3AFF-4429-441D-BBB0-B69A224D99EB}.Debug|Win32.ActiveCfg = Debug|Win32
		{997A3AFF-4429-441D-BBB0-B69A224D99EB}.Debug|Win32.Build.0 = Debug|Win32
		{997A3AFF-4429-441D-BBB0-B69A224D99EB}.Release|Win32.ActiveCfg = Release|Win32
		{997A3AFF-4429-441D-BBB0-B69A224D99EB}.Release|Win32.Build.0 = Release|Win32
		{9BC51516-208B-4D00-A21A-50C2ACFFEE8E}.Debug|Win32.ActiveCfg = Debug|Win32
		{9BC51516-208B-4D00-A21A-50C2ACFFEE8E}.Debug|Win32.Build.0 = Debug|Win32
		{9BC51516-208B-4D00-A21A-50C2ACFFEE8E}.Release|Win32.ActiveCfg = Release|Win32
		{9BC51516-208B-4D00-A21A-50C2ACFFEE8E}.Release|Win32.Build.0 = Release|Win32
	EndGlobalSection
	GlobalSection(SolutionProperties) = preSolution
		HideSolutionNode = FALSE
	EndGlobalSection
EndGlobal
