
Microsoft Visual Studio Solution File, Format Version 12.00
# Visual Studio 15
VisualStudioVersion = 15.0.28307.572
MinimumVisualStudioVersion = 10.0.40219.1
Project("{FAE04EC0-301F-11D3-BF4B-00C04F79EFBC}") = "ByteSwapBenchmark", "ByteSwapBenchmark\ByteSwapBenchmark.csproj", "{16FB3707-FDEB-4789-97B4-05B8B986B897}"
EndProject
Global
	GlobalSection(SolutionConfigurationPlatforms) = preSolution
		Debug|Any CPU = Debug|Any CPU
		Release|Any CPU = Release|Any CPU
	EndGlobalSection
	GlobalSection(ProjectConfigurationPlatforms) = postSolution
		{16FB3707-FDEB-4789-97B4-05B8B986B897}.Debug|Any CPU.ActiveCfg = Debug|Any CPU
		{16FB3707-FDEB-4789-97B4-05B8B986B897}.Debug|Any CPU.Build.0 = Debug|Any CPU
		{16FB3707-FDEB-4789-97B4-05B8B986B897}.Release|Any CPU.ActiveCfg = Release|Any CPU
		{16FB3707-FDEB-4789-97B4-05B8B986B897}.Release|Any CPU.Build.0 = Release|Any CPU
	EndGlobalSection
	GlobalSection(SolutionProperties) = preSolution
		HideSolutionNode = FALSE
	EndGlobalSection
	GlobalSection(ExtensibilityGlobals) = postSolution
		SolutionGuid = {89A7F102-BB12-49C2-AFB1-2EE36AFAAF00}
	EndGlobalSection
EndGlobal
