
Microsoft Visual Studio Solution File, Format Version 12.00
# Visual Studio Version 17
VisualStudioVersion = 17.4.33103.184
MinimumVisualStudioVersion = 10.0.40219.1
Project("{9A19103F-16F7-4668-BE54-9A1E7A4F7556}") = "EnumMenuDemo", "EnumMenuDemo\EnumMenuDemo.csproj", "{AEBEE8FF-1999-4ED3-A8C8-A4CEEE8448A2}"
EndProject
Project("{9A19103F-16F7-4668-BE54-9A1E7A4F7556}") = "Common.WPF", "..\..\Common.WPF\Common.WPF.csproj", "{CCA62D9A-835A-455E-A210-A61629DA902D}"
EndProject
Project("{9A19103F-16F7-4668-BE54-9A1E7A4F7556}") = "Common.DotNet", "..\..\..\Common.DotNet\Common.DotNet.csproj", "{307B077D-C75E-4BC3-8352-CD86DA1F6E83}"
EndProject
Global
	GlobalSection(SolutionConfigurationPlatforms) = preSolution
		Debug|Any CPU = Debug|Any CPU
		Release|Any CPU = Release|Any CPU
	EndGlobalSection
	GlobalSection(ProjectConfigurationPlatforms) = postSolution
		{AEBEE8FF-1999-4ED3-A8C8-A4CEEE8448A2}.Debug|Any CPU.ActiveCfg = Debug|Any CPU
		{AEBEE8FF-1999-4ED3-A8C8-A4CEEE8448A2}.Debug|Any CPU.Build.0 = Debug|Any CPU
		{AEBEE8FF-1999-4ED3-A8C8-A4CEEE8448A2}.Release|Any CPU.ActiveCfg = Release|Any CPU
		{AEBEE8FF-1999-4ED3-A8C8-A4CEEE8448A2}.Release|Any CPU.Build.0 = Release|Any CPU
		{CCA62D9A-835A-455E-A210-A61629DA902D}.Debug|Any CPU.ActiveCfg = Debug|Any CPU
		{CCA62D9A-835A-455E-A210-A61629DA902D}.Debug|Any CPU.Build.0 = Debug|Any CPU
		{CCA62D9A-835A-455E-A210-A61629DA902D}.Release|Any CPU.ActiveCfg = Release|Any CPU
		{CCA62D9A-835A-455E-A210-A61629DA902D}.Release|Any CPU.Build.0 = Release|Any CPU
		{307B077D-C75E-4BC3-8352-CD86DA1F6E83}.Debug|Any CPU.ActiveCfg = Debug|Any CPU
		{307B077D-C75E-4BC3-8352-CD86DA1F6E83}.Debug|Any CPU.Build.0 = Debug|Any CPU
		{307B077D-C75E-4BC3-8352-CD86DA1F6E83}.Release|Any CPU.ActiveCfg = Release|Any CPU
		{307B077D-C75E-4BC3-8352-CD86DA1F6E83}.Release|Any CPU.Build.0 = Release|Any CPU
	EndGlobalSection
	GlobalSection(SolutionProperties) = preSolution
		HideSolutionNode = FALSE
	EndGlobalSection
	GlobalSection(ExtensibilityGlobals) = postSolution
		SolutionGuid = {4C9C5DFF-A8FB-4CDA-B8E0-50D9914EF853}
	EndGlobalSection
EndGlobal
