
Microsoft Visual Studio Solution File, Format Version 12.00
# Visual Studio 2013
VisualStudioVersion = 12.0.30501.0
MinimumVisualStudioVersion = 10.0.40219.1
Project("{8BC9CEB8-8B4A-11D0-8D11-00A0C91BC942}") = "taskvent", "taskvent\taskvent.vcxproj", "{10AA5C53-60D2-4470-A90E-B7F0908742F1}"
EndProject
Project("{8BC9CEB8-8B4A-11D0-8D11-00A0C91BC942}") = "taskwork2", "taskwork2\taskwork2.vcxproj", "{FD8DEF67-119A-41C6-A4E3-211FB088B228}"
EndProject
Project("{8BC9CEB8-8B4A-11D0-8D11-00A0C91BC942}") = "tasksink2", "tasksink2\tasksink2.vcxproj", "{ED430621-D62F-4AFA-BEC4-D6FAF123C368}"
EndProject
Global
	GlobalSection(SolutionConfigurationPlatforms) = preSolution
		Debug|Win32 = Debug|Win32
		Release|Win32 = Release|Win32
	EndGlobalSection
	GlobalSection(ProjectConfigurationPlatforms) = postSolution
		{10AA5C53-60D2-4470-A90E-B7F0908742F1}.Debug|Win32.ActiveCfg = Debug|Win32
		{10AA5C53-60D2-4470-A90E-B7F0908742F1}.Debug|Win32.Build.0 = Debug|Win32
		{10AA5C53-60D2-4470-A90E-B7F0908742F1}.Release|Win32.ActiveCfg = Release|Win32
		{10AA5C53-60D2-4470-A90E-B7F0908742F1}.Release|Win32.Build.0 = Release|Win32
		{FD8DEF67-119A-41C6-A4E3-211FB088B228}.Debug|Win32.ActiveCfg = Debug|Win32
		{FD8DEF67-119A-41C6-A4E3-211FB088B228}.Debug|Win32.Build.0 = Debug|Win32
		{FD8DEF67-119A-41C6-A4E3-211FB088B228}.Release|Win32.ActiveCfg = Release|Win32
		{FD8DEF67-119A-41C6-A4E3-211FB088B228}.Release|Win32.Build.0 = Release|Win32
		{ED430621-D62F-4AFA-BEC4-D6FAF123C368}.Debug|Win32.ActiveCfg = Debug|Win32
		{ED430621-D62F-4AFA-BEC4-D6FAF123C368}.Debug|Win32.Build.0 = Debug|Win32
		{ED430621-D62F-4AFA-BEC4-D6FAF123C368}.Release|Win32.ActiveCfg = Release|Win32
		{ED430621-D62F-4AFA-BEC4-D6FAF123C368}.Release|Win32.Build.0 = Release|Win32
	EndGlobalSection
	GlobalSection(SolutionProperties) = preSolution
		HideSolutionNode = FALSE
	EndGlobalSection
EndGlobal
