
Microsoft Visual Studio Solution File, Format Version 12.00
# Visual Studio Version 16
VisualStudioVersion = 16.0.30717.126
MinimumVisualStudioVersion = 10.0.40219.1
Project("{9A19103F-16F7-4668-BE54-9A1E7A4F7556}") = "AutoRunEditor", "AutoRunEditor\AutoRunEditor.csproj", "{B3F708AA-4CD7-4071-9493-B1B4049FE752}"
EndProject
Project("{9A19103F-16F7-4668-BE54-9A1E7A4F7556}") = "Common.DotNet", "..\..\Common.DotNet\Common.DotNet.csproj", "{0F172EBE-A19A-4435-84FB-0960DD6E15F0}"
EndProject
Global
	GlobalSection(SolutionConfigurationPlatforms) = preSolution
		Debug|Any CPU = Debug|Any CPU
		Release|Any CPU = Release|Any CPU
	EndGlobalSection
	GlobalSection(ProjectConfigurationPlatforms) = postSolution
		{B3F708AA-4CD7-4071-9493-B1B4049FE752}.Debug|Any CPU.ActiveCfg = Debug|Any CPU
		{B3F708AA-4CD7-4071-9493-B1B4049FE752}.Debug|Any CPU.Build.0 = Debug|Any CPU
		{B3F708AA-4CD7-4071-9493-B1B4049FE752}.Release|Any CPU.ActiveCfg = Release|Any CPU
		{B3F708AA-4CD7-4071-9493-B1B4049FE752}.Release|Any CPU.Build.0 = Release|Any CPU
		{0F172EBE-A19A-4435-84FB-0960DD6E15F0}.Debug|Any CPU.ActiveCfg = Debug|Any CPU
		{0F172EBE-A19A-4435-84FB-0960DD6E15F0}.Debug|Any CPU.Build.0 = Debug|Any CPU
		{0F172EBE-A19A-4435-84FB-0960DD6E15F0}.Release|Any CPU.ActiveCfg = Release|Any CPU
		{0F172EBE-A19A-4435-84FB-0960DD6E15F0}.Release|Any CPU.Build.0 = Release|Any CPU
	EndGlobalSection
	GlobalSection(SolutionProperties) = preSolution
		HideSolutionNode = FALSE
	EndGlobalSection
	GlobalSection(ExtensibilityGlobals) = postSolution
		SolutionGuid = {A4D869C6-F83D-4542-B087-E837EA18E10A}
	EndGlobalSection
EndGlobal
