
Microsoft Visual Studio Solution File, Format Version 12.00
# Visual Studio Version 16
VisualStudioVersion = 16.0.30717.126
MinimumVisualStudioVersion = 10.0.40219.1
Project("{FAE04EC0-301F-11D3-BF4B-00C04F79EFBC}") = "ATasteOfMinVer", "ATasteOfMinVer\ATasteOfMinVer.csproj", "{55276CA1-0F6D-44B1-A236-5B469F80DB5A}"
EndProject
Global
	GlobalSection(SolutionConfigurationPlatforms) = preSolution
		Debug|Any CPU = Debug|Any CPU
		Release|Any CPU = Release|Any CPU
	EndGlobalSection
	GlobalSection(ProjectConfigurationPlatforms) = postSolution
		{55276CA1-0F6D-44B1-A236-5B469F80DB5A}.Debug|Any CPU.ActiveCfg = Debug|Any CPU
		{55276CA1-0F6D-44B1-A236-5B469F80DB5A}.Debug|Any CPU.Build.0 = Debug|Any CPU
		{55276CA1-0F6D-44B1-A236-5B469F80DB5A}.Release|Any CPU.ActiveCfg = Release|Any CPU
		{55276CA1-0F6D-44B1-A236-5B469F80DB5A}.Release|Any CPU.Build.0 = Release|Any CPU
	EndGlobalSection
	GlobalSection(SolutionProperties) = preSolution
		HideSolutionNode = FALSE
	EndGlobalSection
	GlobalSection(ExtensibilityGlobals) = postSolution
		SolutionGuid = {21B85BA6-B3B4-4914-8662-B11E780B6ABB}
	EndGlobalSection
EndGlobal
