
Microsoft Visual Studio Solution File, Format Version 12.00
# Visual Studio Version 16
VisualStudioVersion = 16.0.30717.126
MinimumVisualStudioVersion = 10.0.40219.1
Project("{FAE04EC0-301F-11D3-BF4B-00C04F79EFBC}") = "MarshalCppClass", "MarshalCppClass\MarshalCppClass.csproj", "{7220B200-F955-490D-8B5D-42F4371F86DF}"
	ProjectSection(ProjectDependencies) = postProject
		{E0F0F70C-12F7-4222-982D-86C56538DA07} = {E0F0F70C-12F7-4222-982D-86C56538DA07}
	EndProjectSection
EndProject
Project("{8BC9CEB8-8B4A-11D0-8D11-00A0C91BC942}") = "NativeClassLib", "NativeClassLib\NativeClassLib.vcxproj", "{E0F0F70C-12F7-4222-982D-86C56538DA07}"
EndProject
Global
	GlobalSection(SolutionConfigurationPlatforms) = preSolution
		Debug|Any CPU = Debug|Any CPU
		Debug|x64 = Debug|x64
		Debug|x86 = Debug|x86
		Release|Any CPU = Release|Any CPU
		Release|x64 = Release|x64
		Release|x86 = Release|x86
	EndGlobalSection
	GlobalSection(ProjectConfigurationPlatforms) = postSolution
		{7220B200-F955-490D-8B5D-42F4371F86DF}.Debug|Any CPU.ActiveCfg = Debug|Any CPU
		{7220B200-F955-490D-8B5D-42F4371F86DF}.Debug|Any CPU.Build.0 = Debug|Any CPU
		{7220B200-F955-490D-8B5D-42F4371F86DF}.Debug|x64.ActiveCfg = Debug|Any CPU
		{7220B200-F955-490D-8B5D-42F4371F86DF}.Debug|x64.Build.0 = Debug|Any CPU
		{7220B200-F955-490D-8B5D-42F4371F86DF}.Debug|x86.ActiveCfg = Debug|Any CPU
		{7220B200-F955-490D-8B5D-42F4371F86DF}.Debug|x86.Build.0 = Debug|Any CPU
		{7220B200-F955-490D-8B5D-42F4371F86DF}.Release|Any CPU.ActiveCfg = Release|Any CPU
		{7220B200-F955-490D-8B5D-42F4371F86DF}.Release|Any CPU.Build.0 = Release|Any CPU
		{7220B200-F955-490D-8B5D-42F4371F86DF}.Release|x64.ActiveCfg = Release|Any CPU
		{7220B200-F955-490D-8B5D-42F4371F86DF}.Release|x64.Build.0 = Release|Any CPU
		{7220B200-F955-490D-8B5D-42F4371F86DF}.Release|x86.ActiveCfg = Release|Any CPU
		{7220B200-F955-490D-8B5D-42F4371F86DF}.Release|x86.Build.0 = Release|Any CPU
		{E0F0F70C-12F7-4222-982D-86C56538DA07}.Debug|Any CPU.ActiveCfg = Debug|Win32
		{E0F0F70C-12F7-4222-982D-86C56538DA07}.Debug|x64.ActiveCfg = Debug|x64
		{E0F0F70C-12F7-4222-982D-86C56538DA07}.Debug|x64.Build.0 = Debug|x64
		{E0F0F70C-12F7-4222-982D-86C56538DA07}.Debug|x86.ActiveCfg = Debug|Win32
		{E0F0F70C-12F7-4222-982D-86C56538DA07}.Debug|x86.Build.0 = Debug|Win32
		{E0F0F70C-12F7-4222-982D-86C56538DA07}.Release|Any CPU.ActiveCfg = Release|Win32
		{E0F0F70C-12F7-4222-982D-86C56538DA07}.Release|Any CPU.Build.0 = Release|Win32
		{E0F0F70C-12F7-4222-982D-86C56538DA07}.Release|x64.ActiveCfg = Release|x64
		{E0F0F70C-12F7-4222-982D-86C56538DA07}.Release|x64.Build.0 = Release|x64
		{E0F0F70C-12F7-4222-982D-86C56538DA07}.Release|x86.ActiveCfg = Release|Win32
		{E0F0F70C-12F7-4222-982D-86C56538DA07}.Release|x86.Build.0 = Release|Win32
	EndGlobalSection
	GlobalSection(SolutionProperties) = preSolution
		HideSolutionNode = FALSE
	EndGlobalSection
	GlobalSection(ExtensibilityGlobals) = postSolution
		SolutionGuid = {E6B250A2-A4C8-49BD-9E83-FA97FDEA4C4A}
	EndGlobalSection
EndGlobal
