
Microsoft Visual Studio Solution File, Format Version 12.00
# Visual Studio Version 16
VisualStudioVersion = 16.0.30717.126
MinimumVisualStudioVersion = 10.0.40219.1
Project("{9A19103F-16F7-4668-BE54-9A1E7A4F7556}") = "MVVMDemoApp", "MVVMDemoApp\MVVMDemoApp.csproj", "{2AC7D526-22DB-479F-B8F2-57300FA82367}"
EndProject
Project("{FAE04EC0-301F-11D3-BF4B-00C04F79EFBC}") = "MMVMDemoApp.UnitTests", "MMVMDemoApp.UnitTests\MMVMDemoApp.UnitTests.csproj", "{0A5FDE82-0C00-40A0-8D69-ACADC3B759E2}"
EndProject
Global
	GlobalSection(SolutionConfigurationPlatforms) = preSolution
		Debug|Any CPU = Debug|Any CPU
		Release|Any CPU = Release|Any CPU
	EndGlobalSection
	GlobalSection(ProjectConfigurationPlatforms) = postSolution
		{2AC7D526-22DB-479F-B8F2-57300FA82367}.Debug|Any CPU.ActiveCfg = Debug|Any CPU
		{2AC7D526-22DB-479F-B8F2-57300FA82367}.Debug|Any CPU.Build.0 = Debug|Any CPU
		{2AC7D526-22DB-479F-B8F2-57300FA82367}.Release|Any CPU.ActiveCfg = Release|Any CPU
		{2AC7D526-22DB-479F-B8F2-57300FA82367}.Release|Any CPU.Build.0 = Release|Any CPU
		{0A5FDE82-0C00-40A0-8D69-ACADC3B759E2}.Debug|Any CPU.ActiveCfg = Debug|Any CPU
		{0A5FDE82-0C00-40A0-8D69-ACADC3B759E2}.Debug|Any CPU.Build.0 = Debug|Any CPU
		{0A5FDE82-0C00-40A0-8D69-ACADC3B759E2}.Release|Any CPU.ActiveCfg = Release|Any CPU
		{0A5FDE82-0C00-40A0-8D69-ACADC3B759E2}.Release|Any CPU.Build.0 = Release|Any CPU
	EndGlobalSection
	GlobalSection(SolutionProperties) = preSolution
		HideSolutionNode = FALSE
	EndGlobalSection
	GlobalSection(ExtensibilityGlobals) = postSolution
		SolutionGuid = {B68A5B9D-B265-4E73-948C-6D0A42F3C4E3}
	EndGlobalSection
EndGlobal
