
Microsoft Visual Studio Solution File, Format Version 12.00
# Visual Studio 14
VisualStudioVersion = 14.0.25123.0
MinimumVisualStudioVersion = 10.0.40219.1
Project("{FAE04EC0-301F-11D3-BF4B-00C04F79EFBC}") = "VarargsTest", "VarargsTest\VarargsTest.csproj", "{9B1A349D-06A7-4283-8BA1-F5B14D68A402}"
	ProjectSection(ProjectDependencies) = postProject
		{56F25D8E-93F4-4A92-8140-D4D363DAE262} = {56F25D8E-93F4-4A92-8140-D4D363DAE262}
	EndProjectSection
EndProject
Project("{8BC9CEB8-8B4A-11D0-8D11-00A0C91BC942}") = "VarargsTestNative", "VarargsTestNative\VarargsTestNative.vcxproj", "{56F25D8E-93F4-4A92-8140-D4D363DAE262}"
EndProject
Global
	GlobalSection(SolutionConfigurationPlatforms) = preSolution
		Debug|Any CPU = Debug|Any CPU
		Debug|x64 = Debug|x64
		Debug|x86 = Debug|x86
		Release|Any CPU = Release|Any CPU
		Release|x64 = Release|x64
		Release|x86 = Release|x86
	EndGlobalSection
	GlobalSection(ProjectConfigurationPlatforms) = postSolution
		{9B1A349D-06A7-4283-8BA1-F5B14D68A402}.Debug|Any CPU.ActiveCfg = Debug|Any CPU
		{9B1A349D-06A7-4283-8BA1-F5B14D68A402}.Debug|Any CPU.Build.0 = Debug|Any CPU
		{9B1A349D-06A7-4283-8BA1-F5B14D68A402}.Debug|x64.ActiveCfg = Debug|Any CPU
		{9B1A349D-06A7-4283-8BA1-F5B14D68A402}.Debug|x64.Build.0 = Debug|Any CPU
		{9B1A349D-06A7-4283-8BA1-F5B14D68A402}.Debug|x86.ActiveCfg = Debug|Any CPU
		{9B1A349D-06A7-4283-8BA1-F5B14D68A402}.Debug|x86.Build.0 = Debug|Any CPU
		{9B1A349D-06A7-4283-8BA1-F5B14D68A402}.Release|Any CPU.ActiveCfg = Release|Any CPU
		{9B1A349D-06A7-4283-8BA1-F5B14D68A402}.Release|Any CPU.Build.0 = Release|Any CPU
		{9B1A349D-06A7-4283-8BA1-F5B14D68A402}.Release|x64.ActiveCfg = Release|Any CPU
		{9B1A349D-06A7-4283-8BA1-F5B14D68A402}.Release|x64.Build.0 = Release|Any CPU
		{9B1A349D-06A7-4283-8BA1-F5B14D68A402}.Release|x86.ActiveCfg = Release|Any CPU
		{9B1A349D-06A7-4283-8BA1-F5B14D68A402}.Release|x86.Build.0 = Release|Any CPU
		{56F25D8E-93F4-4A92-8140-D4D363DAE262}.Debug|Any CPU.ActiveCfg = Debug|Win32
		{56F25D8E-93F4-4A92-8140-D4D363DAE262}.Debug|Any CPU.Build.0 = Debug|Win32
		{56F25D8E-93F4-4A92-8140-D4D363DAE262}.Debug|x64.ActiveCfg = Debug|x64
		{56F25D8E-93F4-4A92-8140-D4D363DAE262}.Debug|x64.Build.0 = Debug|x64
		{56F25D8E-93F4-4A92-8140-D4D363DAE262}.Debug|x86.ActiveCfg = Debug|Win32
		{56F25D8E-93F4-4A92-8140-D4D363DAE262}.Debug|x86.Build.0 = Debug|Win32
		{56F25D8E-93F4-4A92-8140-D4D363DAE262}.Release|Any CPU.ActiveCfg = Release|Win32
		{56F25D8E-93F4-4A92-8140-D4D363DAE262}.Release|Any CPU.Build.0 = Release|Win32
		{56F25D8E-93F4-4A92-8140-D4D363DAE262}.Release|x64.ActiveCfg = Release|x64
		{56F25D8E-93F4-4A92-8140-D4D363DAE262}.Release|x64.Build.0 = Release|x64
		{56F25D8E-93F4-4A92-8140-D4D363DAE262}.Release|x86.ActiveCfg = Release|Win32
		{56F25D8E-93F4-4A92-8140-D4D363DAE262}.Release|x86.Build.0 = Release|Win32
	EndGlobalSection
	GlobalSection(SolutionProperties) = preSolution
		HideSolutionNode = FALSE
	EndGlobalSection
EndGlobal
