
Microsoft Visual Studio Solution File, Format Version 12.00
# Visual Studio 15
VisualStudioVersion = 15.0.26730.8
MinimumVisualStudioVersion = 10.0.40219.1
Project("{FAE04EC0-301F-11D3-BF4B-00C04F79EFBC}") = "LayoutAlgTestV0", "LayoutAlgTestV0\LayoutAlgTestV0.csproj", "{74724BE3-B272-48E4-91D2-B476C52025B7}"
EndProject
Project("{FAE04EC0-301F-11D3-BF4B-00C04F79EFBC}") = "LayoutAlg", "LayoutAlg\LayoutAlg.csproj", "{57797CC0-1846-4ED1-93DF-05B857325ECD}"
EndProject
Global
	GlobalSection(SolutionConfigurationPlatforms) = preSolution
		Debug|Any CPU = Debug|Any CPU
		Release|Any CPU = Release|Any CPU
	EndGlobalSection
	GlobalSection(ProjectConfigurationPlatforms) = postSolution
		{74724BE3-B272-48E4-91D2-B476C52025B7}.Debug|Any CPU.ActiveCfg = Debug|Any CPU
		{74724BE3-B272-48E4-91D2-B476C52025B7}.Debug|Any CPU.Build.0 = Debug|Any CPU
		{74724BE3-B272-48E4-91D2-B476C52025B7}.Release|Any CPU.ActiveCfg = Release|Any CPU
		{74724BE3-B272-48E4-91D2-B476C52025B7}.Release|Any CPU.Build.0 = Release|Any CPU
		{57797CC0-1846-4ED1-93DF-05B857325ECD}.Debug|Any CPU.ActiveCfg = Debug|Any CPU
		{57797CC0-1846-4ED1-93DF-05B857325ECD}.Debug|Any CPU.Build.0 = Debug|Any CPU
		{57797CC0-1846-4ED1-93DF-05B857325ECD}.Release|Any CPU.ActiveCfg = Release|Any CPU
		{57797CC0-1846-4ED1-93DF-05B857325ECD}.Release|Any CPU.Build.0 = Release|Any CPU
	EndGlobalSection
	GlobalSection(SolutionProperties) = preSolution
		HideSolutionNode = FALSE
	EndGlobalSection
	GlobalSection(ExtensibilityGlobals) = postSolution
		SolutionGuid = {398FD84E-EA60-4E37-8B95-131AD460E140}
	EndGlobalSection
EndGlobal
