
Microsoft Visual Studio Solution File, Format Version 12.00
# Visual Studio Version 16
VisualStudioVersion = 16.0.30717.126
MinimumVisualStudioVersion = 10.0.40219.1
Project("{9A19103F-16F7-4668-BE54-9A1E7A4F7556}") = "GetWeChatGroupMembers", "GetWeChatGroupMembers.csproj", "{3E2705F1-8705-4C7E-A59E-4833A01C0FA9}"
EndProject
Project("{9A19103F-16F7-4668-BE54-9A1E7A4F7556}") = "FlaUI.Extensions.DotNet", "..\..\..\..\Console\Automation\FlaUI\FlaUI.Extensions.DotNet\FlaUI.Extensions.DotNet.csproj", "{A3349AF7-3A27-40F3-8976-43B3CDB9CBE9}"
EndProject
Global
	GlobalSection(SolutionConfigurationPlatforms) = preSolution
		Debug|Any CPU = Debug|Any CPU
		Release|Any CPU = Release|Any CPU
	EndGlobalSection
	GlobalSection(ProjectConfigurationPlatforms) = postSolution
		{3E2705F1-8705-4C7E-A59E-4833A01C0FA9}.Debug|Any CPU.ActiveCfg = Debug|Any CPU
		{3E2705F1-8705-4C7E-A59E-4833A01C0FA9}.Debug|Any CPU.Build.0 = Debug|Any CPU
		{3E2705F1-8705-4C7E-A59E-4833A01C0FA9}.Release|Any CPU.ActiveCfg = Release|Any CPU
		{3E2705F1-8705-4C7E-A59E-4833A01C0FA9}.Release|Any CPU.Build.0 = Release|Any CPU
		{A3349AF7-3A27-40F3-8976-43B3CDB9CBE9}.Debug|Any CPU.ActiveCfg = Debug|Any CPU
		{A3349AF7-3A27-40F3-8976-43B3CDB9CBE9}.Debug|Any CPU.Build.0 = Debug|Any CPU
		{A3349AF7-3A27-40F3-8976-43B3CDB9CBE9}.Release|Any CPU.ActiveCfg = Release|Any CPU
		{A3349AF7-3A27-40F3-8976-43B3CDB9CBE9}.Release|Any CPU.Build.0 = Release|Any CPU
	EndGlobalSection
	GlobalSection(SolutionProperties) = preSolution
		HideSolutionNode = FALSE
	EndGlobalSection
	GlobalSection(ExtensibilityGlobals) = postSolution
		SolutionGuid = {7C900B85-27BE-4AB2-B7F2-7DE39DC3EAB8}
	EndGlobalSection
EndGlobal
