
Microsoft Visual Studio Solution File, Format Version 12.00
# Visual Studio Version 16
VisualStudioVersion = 16.0.30717.126
MinimumVisualStudioVersion = 10.0.40219.1
Project("{FAE04EC0-301F-11D3-BF4B-00C04F79EFBC}") = "DumpReferences", "DumpReferences.csproj", "{B820CCB1-8EBE-47BD-B0C9-B22774967CD2}"
EndProject
Global
	GlobalSection(SolutionConfigurationPlatforms) = preSolution
		Debug|Any CPU = Debug|Any CPU
		Release|Any CPU = Release|Any CPU
	EndGlobalSection
	GlobalSection(ProjectConfigurationPlatforms) = postSolution
		{B820CCB1-8EBE-47BD-B0C9-B22774967CD2}.Debug|Any CPU.ActiveCfg = Debug|Any CPU
		{B820CCB1-8EBE-47BD-B0C9-B22774967CD2}.Debug|Any CPU.Build.0 = Debug|Any CPU
		{B820CCB1-8EBE-47BD-B0C9-B22774967CD2}.Release|Any CPU.ActiveCfg = Release|Any CPU
		{B820CCB1-8EBE-47BD-B0C9-B22774967CD2}.Release|Any CPU.Build.0 = Release|Any CPU
	EndGlobalSection
	GlobalSection(SolutionProperties) = preSolution
		HideSolutionNode = FALSE
	EndGlobalSection
	GlobalSection(ExtensibilityGlobals) = postSolution
		SolutionGuid = {6EAE548E-4B3F-43C4-9BC4-6BE2C9FB73DA}
	EndGlobalSection
EndGlobal
