
Microsoft Visual Studio Solution File, Format Version 12.00
# Visual Studio Version 16
VisualStudioVersion = 16.0.32630.194
MinimumVisualStudioVersion = 10.0.40219.1
Project("{FAE04EC0-301F-11D3-BF4B-00C04F79EFBC}") = "JsonInspect", "JsonInspect\JsonInspect.csproj", "{DEEF7F9D-3D02-4B2F-95A4-87CB24F33606}"
EndProject
Project("{9A19103F-16F7-4668-BE54-9A1E7A4F7556}") = "Common.DotNet", "..\..\Common.DotNet\Common.DotNet.csproj", "{B41AFDF2-43AD-41CA-B206-FED82183AEE8}"
EndProject
Global
	GlobalSection(SolutionConfigurationPlatforms) = preSolution
		Debug|Any CPU = Debug|Any CPU
		Release|Any CPU = Release|Any CPU
	EndGlobalSection
	GlobalSection(ProjectConfigurationPlatforms) = postSolution
		{DEEF7F9D-3D02-4B2F-95A4-87CB24F33606}.Debug|Any CPU.ActiveCfg = Debug|Any CPU
		{DEEF7F9D-3D02-4B2F-95A4-87CB24F33606}.Debug|Any CPU.Build.0 = Debug|Any CPU
		{DEEF7F9D-3D02-4B2F-95A4-87CB24F33606}.Release|Any CPU.ActiveCfg = Release|Any CPU
		{DEEF7F9D-3D02-4B2F-95A4-87CB24F33606}.Release|Any CPU.Build.0 = Release|Any CPU
		{B41AFDF2-43AD-41CA-B206-FED82183AEE8}.Debug|Any CPU.ActiveCfg = Debug|Any CPU
		{B41AFDF2-43AD-41CA-B206-FED82183AEE8}.Debug|Any CPU.Build.0 = Debug|Any CPU
		{B41AFDF2-43AD-41CA-B206-FED82183AEE8}.Release|Any CPU.ActiveCfg = Release|Any CPU
		{B41AFDF2-43AD-41CA-B206-FED82183AEE8}.Release|Any CPU.Build.0 = Release|Any CPU
	EndGlobalSection
	GlobalSection(SolutionProperties) = preSolution
		HideSolutionNode = FALSE
	EndGlobalSection
	GlobalSection(ExtensibilityGlobals) = postSolution
		SolutionGuid = {9045FD6C-C946-4FD9-B377-7DF92E44A1B6}
	EndGlobalSection
EndGlobal
