
Microsoft Visual Studio Solution File, Format Version 12.00
# Visual Studio Version 16
VisualStudioVersion = 16.0.30717.126
MinimumVisualStudioVersion = 10.0.40219.1
Project("{FAE04EC0-301F-11D3-BF4B-00C04F79EFBC}") = "FlaUI.Extensions", "FlaUI.Extensions.csproj", "{24008BC4-682C-4A0E-90D1-BAB11218F0AB}"
EndProject
Global
	GlobalSection(SolutionConfigurationPlatforms) = preSolution
		Debug|Any CPU = Debug|Any CPU
		Release|Any CPU = Release|Any CPU
	EndGlobalSection
	GlobalSection(ProjectConfigurationPlatforms) = postSolution
		{24008BC4-682C-4A0E-90D1-BAB11218F0AB}.Debug|Any CPU.ActiveCfg = Debug|Any CPU
		{24008BC4-682C-4A0E-90D1-BAB11218F0AB}.Debug|Any CPU.Build.0 = Debug|Any CPU
		{24008BC4-682C-4A0E-90D1-BAB11218F0AB}.Release|Any CPU.ActiveCfg = Release|Any CPU
		{24008BC4-682C-4A0E-90D1-BAB11218F0AB}.Release|Any CPU.Build.0 = Release|Any CPU
	EndGlobalSection
	GlobalSection(SolutionProperties) = preSolution
		HideSolutionNode = FALSE
	EndGlobalSection
	GlobalSection(ExtensibilityGlobals) = postSolution
		SolutionGuid = {AB00EB79-EC51-454A-84A4-CB43A4D3B84E}
	EndGlobalSection
EndGlobal
