
Microsoft Visual Studio Solution File, Format Version 12.00
# Visual Studio Version 16
VisualStudioVersion = 16.0.30717.126
MinimumVisualStudioVersion = 10.0.40219.1
Project("{9A19103F-16F7-4668-BE54-9A1E7A4F7556}") = "FindSelectedRowInWinFormsDataGridView", "FindSelectedRowInWinFormsDataGridView\FindSelectedRowInWinFormsDataGridView.csproj", "{24AB918D-7B67-4CE4-895B-04459C36A74D}"
EndProject
Project("{9A19103F-16F7-4668-BE54-9A1E7A4F7556}") = "FlaUI.Extensions.DotNet", "..\FlaUI.Extensions.DotNet\FlaUI.Extensions.DotNet.csproj", "{2B56A86E-3295-430F-AB70-63E53AEFF86D}"
EndProject
Global
	GlobalSection(SolutionConfigurationPlatforms) = preSolution
		Debug|Any CPU = Debug|Any CPU
		Release|Any CPU = Release|Any CPU
	EndGlobalSection
	GlobalSection(ProjectConfigurationPlatforms) = postSolution
		{24AB918D-7B67-4CE4-895B-04459C36A74D}.Debug|Any CPU.ActiveCfg = Debug|Any CPU
		{24AB918D-7B67-4CE4-895B-04459C36A74D}.Debug|Any CPU.Build.0 = Debug|Any CPU
		{24AB918D-7B67-4CE4-895B-04459C36A74D}.Release|Any CPU.ActiveCfg = Release|Any CPU
		{24AB918D-7B67-4CE4-895B-04459C36A74D}.Release|Any CPU.Build.0 = Release|Any CPU
		{2B56A86E-3295-430F-AB70-63E53AEFF86D}.Debug|Any CPU.ActiveCfg = Debug|Any CPU
		{2B56A86E-3295-430F-AB70-63E53AEFF86D}.Debug|Any CPU.Build.0 = Debug|Any CPU
		{2B56A86E-3295-430F-AB70-63E53AEFF86D}.Release|Any CPU.ActiveCfg = Release|Any CPU
		{2B56A86E-3295-430F-AB70-63E53AEFF86D}.Release|Any CPU.Build.0 = Release|Any CPU
	EndGlobalSection
	GlobalSection(SolutionProperties) = preSolution
		HideSolutionNode = FALSE
	EndGlobalSection
	GlobalSection(ExtensibilityGlobals) = postSolution
		SolutionGuid = {EB04C0A9-0DDC-4553-AF3F-AE3F1C275074}
	EndGlobalSection
EndGlobal
