
Microsoft Visual Studio Solution File, Format Version 12.00
# Visual Studio Version 16
VisualStudioVersion = 16.0.31112.23
MinimumVisualStudioVersion = 10.0.40219.1
Project("{9A19103F-16F7-4668-BE54-9A1E7A4F7556}") = "FakeAD", "FakeAD\FakeAD.csproj", "{11A9A24A-54D1-480A-AABB-FF2590E7D848}"
EndProject
Project("{9A19103F-16F7-4668-BE54-9A1E7A4F7556}") = "LittleTyper", "LittleTyper\LittleTyper.csproj", "{F7944508-17CC-4A8C-A028-2AE765E94C8E}"
EndProject
Global
	GlobalSection(SolutionConfigurationPlatforms) = preSolution
		Debug|Any CPU = Debug|Any CPU
		Release|Any CPU = Release|Any CPU
	EndGlobalSection
	GlobalSection(ProjectConfigurationPlatforms) = postSolution
		{11A9A24A-54D1-480A-AABB-FF2590E7D848}.Debug|Any CPU.ActiveCfg = Debug|Any CPU
		{11A9A24A-54D1-480A-AABB-FF2590E7D848}.Debug|Any CPU.Build.0 = Debug|Any CPU
		{11A9A24A-54D1-480A-AABB-FF2590E7D848}.Release|Any CPU.ActiveCfg = Release|Any CPU
		{11A9A24A-54D1-480A-AABB-FF2590E7D848}.Release|Any CPU.Build.0 = Release|Any CPU
		{F7944508-17CC-4A8C-A028-2AE765E94C8E}.Debug|Any CPU.ActiveCfg = Debug|Any CPU
		{F7944508-17CC-4A8C-A028-2AE765E94C8E}.Debug|Any CPU.Build.0 = Debug|Any CPU
		{F7944508-17CC-4A8C-A028-2AE765E94C8E}.Release|Any CPU.ActiveCfg = Release|Any CPU
		{F7944508-17CC-4A8C-A028-2AE765E94C8E}.Release|Any CPU.Build.0 = Release|Any CPU
	EndGlobalSection
	GlobalSection(SolutionProperties) = preSolution
		HideSolutionNode = FALSE
	EndGlobalSection
	GlobalSection(ExtensibilityGlobals) = postSolution
		SolutionGuid = {C39FD54A-DEA3-4EE7-ABB2-F3A84800E8A1}
	EndGlobalSection
EndGlobal
