
Microsoft Visual Studio Solution File, Format Version 12.00
# Visual Studio Version 16
VisualStudioVersion = 16.0.30717.126
MinimumVisualStudioVersion = 10.0.40219.1
Project("{FAE04EC0-301F-11D3-BF4B-00C04F79EFBC}") = "Common.DotNet", "Common.DotNet.csproj", "{CD629CDB-C34A-42F3-86B9-4F98D90CE28A}"
EndProject
Global
	GlobalSection(SolutionConfigurationPlatforms) = preSolution
		Debug|Any CPU = Debug|Any CPU
		Release|Any CPU = Release|Any CPU
	EndGlobalSection
	GlobalSection(ProjectConfigurationPlatforms) = postSolution
		{CD629CDB-C34A-42F3-86B9-4F98D90CE28A}.Debug|Any CPU.ActiveCfg = Debug|Any CPU
		{CD629CDB-C34A-42F3-86B9-4F98D90CE28A}.Debug|Any CPU.Build.0 = Debug|Any CPU
		{CD629CDB-C34A-42F3-86B9-4F98D90CE28A}.Release|Any CPU.ActiveCfg = Release|Any CPU
		{CD629CDB-C34A-42F3-86B9-4F98D90CE28A}.Release|Any CPU.Build.0 = Release|Any CPU
	EndGlobalSection
	GlobalSection(SolutionProperties) = preSolution
		HideSolutionNode = FALSE
	EndGlobalSection
	GlobalSection(ExtensibilityGlobals) = postSolution
		SolutionGuid = {F4E7C383-CEF8-469F-A8EF-60CF7B22F051}
	EndGlobalSection
EndGlobal
