<?xml version="1.0" encoding="utf-8"?>
<Project ToolsVersion="4.0" xmlns="http://schemas.microsoft.com/developer/msbuild/2003">
  <ItemGroup>
    <Filter Include="Source Files">
      <UniqueIdentifier>{4FC737F1-C7A5-4376-A066-2A32D752A2FF}</UniqueIdentifier>
      <Extensions>cpp;c;cc;cxx;def;odl;idl;hpj;bat;asm;asmx</Extensions>
    </Filter>
    <Filter Include="Header Files">
      <UniqueIdentifier>{93995380-89BD-4b04-88EB-625FBE52EBFB}</UniqueIdentifier>
      <Extensions>h;hh;hpp;hxx;hm;inl;inc;xsd</Extensions>
    </Filter>
    <Filter Include="Resource Files">
      <UniqueIdentifier>{67DA6AB6-F800-4c08-8B7A-83BB121AAD01}</UniqueIdentifier>
      <Extensions>rc;ico;cur;bmp;dlg;rc2;rct;bin;rgs;gif;jpg;jpeg;jpe;resx;tiff;tif;png;wav;mfcribbon-ms</Extensions>
    </Filter>
  </ItemGroup>
  <ItemGroup>
    <ClCompile Include="azure_cloud_storage_service.cpp">
      <Filter>Source Files</Filter>
    </ClCompile>
    <ClCompile Include="main.cpp">
      <Filter>Source Files</Filter>
    </ClCompile>
    <ClCompile Include="Command\exit_command.cpp">
      <Filter>Source Files</Filter>
    </ClCompile>
    <ClCompile Include="Command\help_command.cpp">
      <Filter>Source Files</Filter>
    </ClCompile>
    <ClCompile Include="Command\Blob\list_command.cpp">
      <Filter>Source Files</Filter>
    </ClCompile>
    <ClCompile Include="Command\Blob\cd_command.cpp">
      <Filter>Source Files</Filter>
    </ClCompile>
    <ClCompile Include="Command\command.cpp">
      <Filter>Source Files</Filter>
    </ClCompile>
    <ClCompile Include="Command\clear_command.cpp">
      <Filter>Source Files</Filter>
    </ClCompile>
    <ClCompile Include="Command\Blob\container_command.cpp">
      <Filter>Source Files</Filter>
    </ClCompile>
    <ClCompile Include="Command\Blob\put_command.cpp">
      <Filter>Source Files</Filter>
    </ClCompile>
    <ClCompile Include="Command\Blob\get_command.cpp">
      <Filter>Source Files</Filter>
    </ClCompile>
  </ItemGroup>
  <ItemGroup>
    <ClInclude Include="azure_cloud_storage_service.h">
      <Filter>Header Files</Filter>
    </ClInclude>
    <ClInclude Include="Command\command.h">
      <Filter>Header Files</Filter>
    </ClInclude>
    <ClInclude Include="Command\exit_command.h">
      <Filter>Header Files</Filter>
    </ClInclude>
    <ClInclude Include="Command\help_command.h">
      <Filter>Header Files</Filter>
    </ClInclude>
    <ClInclude Include="Command\Blob\list_command.h">
      <Filter>Header Files</Filter>
    </ClInclude>
    <ClInclude Include="Command\Blob\cd_command.h">
      <Filter>Header Files</Filter>
    </ClInclude>
    <ClInclude Include="Command\clear_command.h">
      <Filter>Header Files</Filter>
    </ClInclude>
    <ClInclude Include="Command\Blob\container_command.h">
      <Filter>Header Files</Filter>
    </ClInclude>
    <ClInclude Include="Command\Blob\put_command.h">
      <Filter>Header Files</Filter>
    </ClInclude>
    <ClInclude Include="Command\Blob\get_command.h">
      <Filter>Header Files</Filter>
    </ClInclude>
  </ItemGroup>
</Project>