
Microsoft Visual Studio Solution File, Format Version 12.00
# Visual Studio Version 17
VisualStudioVersion = 17.5.33103.201
MinimumVisualStudioVersion = 10.0.40219.1
Project("{FAE04EC0-301F-11D3-BF4B-00C04F79EFBC}") = "Server", "Server\Server.csproj", "{412DACD4-CA9D-44B3-9988-EB0D7690F12B}"
EndProject
Project("{FAE04EC0-301F-11D3-BF4B-00C04F79EFBC}") = "Client", "Client\Client.csproj", "{5A75C3BB-A7C7-472F-8237-00E5284CE862}"
EndProject
Global
	GlobalSection(SolutionConfigurationPlatforms) = preSolution
		Debug|Any CPU = Debug|Any CPU
		Release|Any CPU = Release|Any CPU
	EndGlobalSection
	GlobalSection(ProjectConfigurationPlatforms) = postSolution
		{412DACD4-CA9D-44B3-9988-EB0D7690F12B}.Debug|Any CPU.ActiveCfg = Debug|Any CPU
		{412DACD4-CA9D-44B3-9988-EB0D7690F12B}.Debug|Any CPU.Build.0 = Debug|Any CPU
		{412DACD4-CA9D-44B3-9988-EB0D7690F12B}.Release|Any CPU.ActiveCfg = Release|Any CPU
		{412DACD4-CA9D-44B3-9988-EB0D7690F12B}.Release|Any CPU.Build.0 = Release|Any CPU
		{5A75C3BB-A7C7-472F-8237-00E5284CE862}.Debug|Any CPU.ActiveCfg = Debug|Any CPU
		{5A75C3BB-A7C7-472F-8237-00E5284CE862}.Debug|Any CPU.Build.0 = Debug|Any CPU
		{5A75C3BB-A7C7-472F-8237-00E5284CE862}.Release|Any CPU.ActiveCfg = Release|Any CPU
		{5A75C3BB-A7C7-472F-8237-00E5284CE862}.Release|Any CPU.Build.0 = Release|Any CPU
	EndGlobalSection
	GlobalSection(SolutionProperties) = preSolution
		HideSolutionNode = FALSE
	EndGlobalSection
	GlobalSection(ExtensibilityGlobals) = postSolution
		SolutionGuid = {5FB10729-30BD-44C3-B46F-59744B14CC2E}
	EndGlobalSection
EndGlobal
