
Microsoft Visual Studio Solution File, Format Version 12.00
# Visual Studio 14
VisualStudioVersion = 14.0.24720.0
MinimumVisualStudioVersion = 10.0.40219.1
Project("{FAE04EC0-301F-11D3-BF4B-00C04F79EFBC}") = "DataSequence", "DataSequence\DataSequence.csproj", "{11B957B2-894A-4105-99EF-0C6FAC88D3B2}"
	ProjectSection(ProjectDependencies) = postProject
		{92B47389-2AD9-4611-AB15-0D375C691A1D} = {92B47389-2AD9-4611-AB15-0D375C691A1D}
		{C650DECF-46AF-4354-9E0E-05F0864625DD} = {C650DECF-46AF-4354-9E0E-05F0864625DD}
	EndProjectSection
EndProject
Project("{8BC9CEB8-8B4A-11D0-8D11-00A0C91BC942}") = "DataSeqPP", "..\..\..\cpp\DLL\DataSeqPP\DataSeqPP\DataSeqPP.vcxproj", "{C650DECF-46AF-4354-9E0E-05F0864625DD}"
EndProject
Project("{8BC9CEB8-8B4A-11D0-8D11-00A0C91BC942}") = "DataSeq", "..\..\..\cpp\DLL\DataSequenceV2\DataSeq\DataSeq.vcxproj", "{3F093CBD-2DEA-4E27-90E5-F618A9D2E2BB}"
EndProject
Project("{8BC9CEB8-8B4A-11D0-8D11-00A0C91BC942}") = "DataSequenceNative", "DataSequenceNative\DataSequenceNative.vcxproj", "{92B47389-2AD9-4611-AB15-0D375C691A1D}"
EndProject
Project("{FAE04EC0-301F-11D3-BF4B-00C04F79EFBC}") = "Test", "Test\Test.csproj", "{BD1AB21F-A7AF-4D9D-B138-DFB08A7BF467}"
EndProject
Project("{FAE04EC0-301F-11D3-BF4B-00C04F79EFBC}") = "Common", "..\..\Common\Common.csproj", "{B5EBAD3E-67DF-4E3B-9B16-E977BD49376D}"
EndProject
Global
	GlobalSection(SolutionConfigurationPlatforms) = preSolution
		Debug|Any CPU = Debug|Any CPU
		Debug|x64 = Debug|x64
		Debug|x86 = Debug|x86
		Release|Any CPU = Release|Any CPU
		Release|x64 = Release|x64
		Release|x86 = Release|x86
	EndGlobalSection
	GlobalSection(ProjectConfigurationPlatforms) = postSolution
		{11B957B2-894A-4105-99EF-0C6FAC88D3B2}.Debug|Any CPU.ActiveCfg = Debug|Any CPU
		{11B957B2-894A-4105-99EF-0C6FAC88D3B2}.Debug|Any CPU.Build.0 = Debug|Any CPU
		{11B957B2-894A-4105-99EF-0C6FAC88D3B2}.Debug|x64.ActiveCfg = Debug|Any CPU
		{11B957B2-894A-4105-99EF-0C6FAC88D3B2}.Debug|x64.Build.0 = Debug|Any CPU
		{11B957B2-894A-4105-99EF-0C6FAC88D3B2}.Debug|x86.ActiveCfg = Debug|Any CPU
		{11B957B2-894A-4105-99EF-0C6FAC88D3B2}.Debug|x86.Build.0 = Debug|Any CPU
		{11B957B2-894A-4105-99EF-0C6FAC88D3B2}.Release|Any CPU.ActiveCfg = Release|Any CPU
		{11B957B2-894A-4105-99EF-0C6FAC88D3B2}.Release|Any CPU.Build.0 = Release|Any CPU
		{11B957B2-894A-4105-99EF-0C6FAC88D3B2}.Release|x64.ActiveCfg = Release|Any CPU
		{11B957B2-894A-4105-99EF-0C6FAC88D3B2}.Release|x64.Build.0 = Release|Any CPU
		{11B957B2-894A-4105-99EF-0C6FAC88D3B2}.Release|x86.ActiveCfg = Release|Any CPU
		{11B957B2-894A-4105-99EF-0C6FAC88D3B2}.Release|x86.Build.0 = Release|Any CPU
		{C650DECF-46AF-4354-9E0E-05F0864625DD}.Debug|Any CPU.ActiveCfg = Debug|Win32
		{C650DECF-46AF-4354-9E0E-05F0864625DD}.Debug|Any CPU.Build.0 = Debug|Win32
		{C650DECF-46AF-4354-9E0E-05F0864625DD}.Debug|x64.ActiveCfg = Debug|x64
		{C650DECF-46AF-4354-9E0E-05F0864625DD}.Debug|x64.Build.0 = Debug|x64
		{C650DECF-46AF-4354-9E0E-05F0864625DD}.Debug|x86.ActiveCfg = Debug|Win32
		{C650DECF-46AF-4354-9E0E-05F0864625DD}.Debug|x86.Build.0 = Debug|Win32
		{C650DECF-46AF-4354-9E0E-05F0864625DD}.Release|Any CPU.ActiveCfg = Release|Win32
		{C650DECF-46AF-4354-9E0E-05F0864625DD}.Release|Any CPU.Build.0 = Release|Win32
		{C650DECF-46AF-4354-9E0E-05F0864625DD}.Release|x64.ActiveCfg = Release|x64
		{C650DECF-46AF-4354-9E0E-05F0864625DD}.Release|x64.Build.0 = Release|x64
		{C650DECF-46AF-4354-9E0E-05F0864625DD}.Release|x86.ActiveCfg = Release|Win32
		{C650DECF-46AF-4354-9E0E-05F0864625DD}.Release|x86.Build.0 = Release|Win32
		{3F093CBD-2DEA-4E27-90E5-F618A9D2E2BB}.Debug|Any CPU.ActiveCfg = Debug|Win32
		{3F093CBD-2DEA-4E27-90E5-F618A9D2E2BB}.Debug|Any CPU.Build.0 = Debug|Win32
		{3F093CBD-2DEA-4E27-90E5-F618A9D2E2BB}.Debug|x64.ActiveCfg = Debug|x64
		{3F093CBD-2DEA-4E27-90E5-F618A9D2E2BB}.Debug|x64.Build.0 = Debug|x64
		{3F093CBD-2DEA-4E27-90E5-F618A9D2E2BB}.Debug|x86.ActiveCfg = Debug|Win32
		{3F093CBD-2DEA-4E27-90E5-F618A9D2E2BB}.Debug|x86.Build.0 = Debug|Win32
		{3F093CBD-2DEA-4E27-90E5-F618A9D2E2BB}.Release|Any CPU.ActiveCfg = Release|Win32
		{3F093CBD-2DEA-4E27-90E5-F618A9D2E2BB}.Release|Any CPU.Build.0 = Release|Win32
		{3F093CBD-2DEA-4E27-90E5-F618A9D2E2BB}.Release|x64.ActiveCfg = Release|x64
		{3F093CBD-2DEA-4E27-90E5-F618A9D2E2BB}.Release|x64.Build.0 = Release|x64
		{3F093CBD-2DEA-4E27-90E5-F618A9D2E2BB}.Release|x86.ActiveCfg = Release|Win32
		{3F093CBD-2DEA-4E27-90E5-F618A9D2E2BB}.Release|x86.Build.0 = Release|Win32
		{92B47389-2AD9-4611-AB15-0D375C691A1D}.Debug|Any CPU.ActiveCfg = Debug|Win32
		{92B47389-2AD9-4611-AB15-0D375C691A1D}.Debug|Any CPU.Build.0 = Debug|Win32
		{92B47389-2AD9-4611-AB15-0D375C691A1D}.Debug|x64.ActiveCfg = Debug|x64
		{92B47389-2AD9-4611-AB15-0D375C691A1D}.Debug|x64.Build.0 = Debug|x64
		{92B47389-2AD9-4611-AB15-0D375C691A1D}.Debug|x86.ActiveCfg = Debug|Win32
		{92B47389-2AD9-4611-AB15-0D375C691A1D}.Debug|x86.Build.0 = Debug|Win32
		{92B47389-2AD9-4611-AB15-0D375C691A1D}.Release|Any CPU.ActiveCfg = Release|Win32
		{92B47389-2AD9-4611-AB15-0D375C691A1D}.Release|Any CPU.Build.0 = Release|Win32
		{92B47389-2AD9-4611-AB15-0D375C691A1D}.Release|x64.ActiveCfg = Release|x64
		{92B47389-2AD9-4611-AB15-0D375C691A1D}.Release|x64.Build.0 = Release|x64
		{92B47389-2AD9-4611-AB15-0D375C691A1D}.Release|x86.ActiveCfg = Release|Win32
		{92B47389-2AD9-4611-AB15-0D375C691A1D}.Release|x86.Build.0 = Release|Win32
		{BD1AB21F-A7AF-4D9D-B138-DFB08A7BF467}.Debug|Any CPU.ActiveCfg = Debug|Any CPU
		{BD1AB21F-A7AF-4D9D-B138-DFB08A7BF467}.Debug|Any CPU.Build.0 = Debug|Any CPU
		{BD1AB21F-A7AF-4D9D-B138-DFB08A7BF467}.Debug|x64.ActiveCfg = Debug|Any CPU
		{BD1AB21F-A7AF-4D9D-B138-DFB08A7BF467}.Debug|x64.Build.0 = Debug|Any CPU
		{BD1AB21F-A7AF-4D9D-B138-DFB08A7BF467}.Debug|x86.ActiveCfg = Debug|Any CPU
		{BD1AB21F-A7AF-4D9D-B138-DFB08A7BF467}.Debug|x86.Build.0 = Debug|Any CPU
		{BD1AB21F-A7AF-4D9D-B138-DFB08A7BF467}.Release|Any CPU.ActiveCfg = Release|Any CPU
		{BD1AB21F-A7AF-4D9D-B138-DFB08A7BF467}.Release|Any CPU.Build.0 = Release|Any CPU
		{BD1AB21F-A7AF-4D9D-B138-DFB08A7BF467}.Release|x64.ActiveCfg = Release|Any CPU
		{BD1AB21F-A7AF-4D9D-B138-DFB08A7BF467}.Release|x64.Build.0 = Release|Any CPU
		{BD1AB21F-A7AF-4D9D-B138-DFB08A7BF467}.Release|x86.ActiveCfg = Release|Any CPU
		{BD1AB21F-A7AF-4D9D-B138-DFB08A7BF467}.Release|x86.Build.0 = Release|Any CPU
		{B5EBAD3E-67DF-4E3B-9B16-E977BD49376D}.Debug|Any CPU.ActiveCfg = Debug|Any CPU
		{B5EBAD3E-67DF-4E3B-9B16-E977BD49376D}.Debug|Any CPU.Build.0 = Debug|Any CPU
		{B5EBAD3E-67DF-4E3B-9B16-E977BD49376D}.Debug|x64.ActiveCfg = Debug|Any CPU
		{B5EBAD3E-67DF-4E3B-9B16-E977BD49376D}.Debug|x64.Build.0 = Debug|Any CPU
		{B5EBAD3E-67DF-4E3B-9B16-E977BD49376D}.Debug|x86.ActiveCfg = Debug|Any CPU
		{B5EBAD3E-67DF-4E3B-9B16-E977BD49376D}.Debug|x86.Build.0 = Debug|Any CPU
		{B5EBAD3E-67DF-4E3B-9B16-E977BD49376D}.Release|Any CPU.ActiveCfg = Release|Any CPU
		{B5EBAD3E-67DF-4E3B-9B16-E977BD49376D}.Release|Any CPU.Build.0 = Release|Any CPU
		{B5EBAD3E-67DF-4E3B-9B16-E977BD49376D}.Release|x64.ActiveCfg = Release|Any CPU
		{B5EBAD3E-67DF-4E3B-9B16-E977BD49376D}.Release|x64.Build.0 = Release|Any CPU
		{B5EBAD3E-67DF-4E3B-9B16-E977BD49376D}.Release|x86.ActiveCfg = Release|Any CPU
		{B5EBAD3E-67DF-4E3B-9B16-E977BD49376D}.Release|x86.Build.0 = Release|Any CPU
	EndGlobalSection
	GlobalSection(SolutionProperties) = preSolution
		HideSolutionNode = FALSE
	EndGlobalSection
EndGlobal
