
Microsoft Visual Studio Solution File, Format Version 12.00
# Visual Studio Version 16
VisualStudioVersion = 16.0.31112.23
MinimumVisualStudioVersion = 10.0.40219.1
Project("{FAE04EC0-301F-11D3-BF4B-00C04F79EFBC}") = "MandelbrotSet", "MandelbrotSet\MandelbrotSet.csproj", "{EAA013D6-F69F-46B7-BFEC-998AAD832F91}"
EndProject
Global
	GlobalSection(SolutionConfigurationPlatforms) = preSolution
		Debug|Any CPU = Debug|Any CPU
		Release|Any CPU = Release|Any CPU
	EndGlobalSection
	GlobalSection(ProjectConfigurationPlatforms) = postSolution
		{EAA013D6-F69F-46B7-BFEC-998AAD832F91}.Debug|Any CPU.ActiveCfg = Debug|Any CPU
		{EAA013D6-F69F-46B7-BFEC-998AAD832F91}.Debug|Any CPU.Build.0 = Debug|Any CPU
		{EAA013D6-F69F-46B7-BFEC-998AAD832F91}.Release|Any CPU.ActiveCfg = Release|Any CPU
		{EAA013D6-F69F-46B7-BFEC-998AAD832F91}.Release|Any CPU.Build.0 = Release|Any CPU
	EndGlobalSection
	GlobalSection(SolutionProperties) = preSolution
		HideSolutionNode = FALSE
	EndGlobalSection
	GlobalSection(ExtensibilityGlobals) = postSolution
		SolutionGuid = {06B562C1-0B18-4516-9569-B78CDE0F577D}
	EndGlobalSection
EndGlobal
