
Microsoft Visual Studio Solution File, Format Version 12.00
# Visual Studio Version 16
VisualStudioVersion = 16.0.30717.126
MinimumVisualStudioVersion = 10.0.40219.1
Project("{FAE04EC0-301F-11D3-BF4B-00C04F79EFBC}") = "AutoRunEditor", "AutoRunEditor\AutoRunEditor.csproj", "{37401085-E61D-4A68-B56B-A73D1B2FD590}"
EndProject
Global
	GlobalSection(SolutionConfigurationPlatforms) = preSolution
		Debug|Any CPU = Debug|Any CPU
		Release|Any CPU = Release|Any CPU
	EndGlobalSection
	GlobalSection(ProjectConfigurationPlatforms) = postSolution
		{37401085-E61D-4A68-B56B-A73D1B2FD590}.Debug|Any CPU.ActiveCfg = Debug|Any CPU
		{37401085-E61D-4A68-B56B-A73D1B2FD590}.Debug|Any CPU.Build.0 = Debug|Any CPU
		{37401085-E61D-4A68-B56B-A73D1B2FD590}.Release|Any CPU.ActiveCfg = Release|Any CPU
		{37401085-E61D-4A68-B56B-A73D1B2FD590}.Release|Any CPU.Build.0 = Release|Any CPU
	EndGlobalSection
	GlobalSection(SolutionProperties) = preSolution
		HideSolutionNode = FALSE
	EndGlobalSection
	GlobalSection(ExtensibilityGlobals) = postSolution
		SolutionGuid = {3E533ED1-F531-4476-8E40-7EAC45F0BBC7}
	EndGlobalSection
EndGlobal
