
Microsoft Visual Studio Solution File, Format Version 12.00
# Visual Studio 15
VisualStudioVersion = 15.0.28010.0
MinimumVisualStudioVersion = 10.0.40219.1
Project("{FAE04EC0-301F-11D3-BF4B-00C04F79EFBC}") = "ActorLite", "ActorLite\ActorLite.csproj", "{2A3E335D-B564-4BBF-9DEA-793C385A2762}"
EndProject
Project("{FAE04EC0-301F-11D3-BF4B-00C04F79EFBC}") = "CounterActorDemo", "CounterActorDemo\CounterActorDemo.csproj", "{8AE2A713-2E3E-4A00-9647-23FA59A1561D}"
EndProject
Global
	GlobalSection(SolutionConfigurationPlatforms) = preSolution
		Debug|Any CPU = Debug|Any CPU
		Release|Any CPU = Release|Any CPU
	EndGlobalSection
	GlobalSection(ProjectConfigurationPlatforms) = postSolution
		{2A3E335D-B564-4BBF-9DEA-793C385A2762}.Debug|Any CPU.ActiveCfg = Debug|Any CPU
		{2A3E335D-B564-4BBF-9DEA-793C385A2762}.Debug|Any CPU.Build.0 = Debug|Any CPU
		{2A3E335D-B564-4BBF-9DEA-793C385A2762}.Release|Any CPU.ActiveCfg = Release|Any CPU
		{2A3E335D-B564-4BBF-9DEA-793C385A2762}.Release|Any CPU.Build.0 = Release|Any CPU
		{8AE2A713-2E3E-4A00-9647-23FA59A1561D}.Debug|Any CPU.ActiveCfg = Debug|Any CPU
		{8AE2A713-2E3E-4A00-9647-23FA59A1561D}.Debug|Any CPU.Build.0 = Debug|Any CPU
		{8AE2A713-2E3E-4A00-9647-23FA59A1561D}.Release|Any CPU.ActiveCfg = Release|Any CPU
		{8AE2A713-2E3E-4A00-9647-23FA59A1561D}.Release|Any CPU.Build.0 = Release|Any CPU
	EndGlobalSection
	GlobalSection(SolutionProperties) = preSolution
		HideSolutionNode = FALSE
	EndGlobalSection
	GlobalSection(ExtensibilityGlobals) = postSolution
		SolutionGuid = {0561E470-061E-43F9-A362-9A8C393035DA}
	EndGlobalSection
EndGlobal
