
Microsoft Visual Studio Solution File, Format Version 12.00
# Visual Studio 2013
VisualStudioVersion = 12.0.30501.0
MinimumVisualStudioVersion = 10.0.40219.1
Project("{8BC9CEB8-8B4A-11D0-8D11-00A0C91BC942}") = "mutiplethread", "mutiplethread\mutiplethread.vcxproj", "{CB439ECB-C5C8-40FF-ADEB-F2AE95388C0B}"
EndProject
Project("{8BC9CEB8-8B4A-11D0-8D11-00A0C91BC942}") = "mspoller", "mspoller\mspoller.vcxproj", "{A79D3E7C-CBBF-4873-BCBB-5B3FA548FB92}"
EndProject
Global
	GlobalSection(SolutionConfigurationPlatforms) = preSolution
		Debug|Win32 = Debug|Win32
		Release|Win32 = Release|Win32
	EndGlobalSection
	GlobalSection(ProjectConfigurationPlatforms) = postSolution
		{CB439ECB-C5C8-40FF-ADEB-F2AE95388C0B}.Debug|Win32.ActiveCfg = Debug|Win32
		{CB439ECB-C5C8-40FF-ADEB-F2AE95388C0B}.Debug|Win32.Build.0 = Debug|Win32
		{CB439ECB-C5C8-40FF-ADEB-F2AE95388C0B}.Release|Win32.ActiveCfg = Release|Win32
		{CB439ECB-C5C8-40FF-ADEB-F2AE95388C0B}.Release|Win32.Build.0 = Release|Win32
		{A79D3E7C-CBBF-4873-BCBB-5B3FA548FB92}.Debug|Win32.ActiveCfg = Debug|Win32
		{A79D3E7C-CBBF-4873-BCBB-5B3FA548FB92}.Debug|Win32.Build.0 = Debug|Win32
		{A79D3E7C-CBBF-4873-BCBB-5B3FA548FB92}.Release|Win32.ActiveCfg = Release|Win32
		{A79D3E7C-CBBF-4873-BCBB-5B3FA548FB92}.Release|Win32.Build.0 = Release|Win32
	EndGlobalSection
	GlobalSection(SolutionProperties) = preSolution
		HideSolutionNode = FALSE
	EndGlobalSection
EndGlobal
