
Microsoft Visual Studio Solution File, Format Version 12.00
# Visual Studio Version 16
VisualStudioVersion = 16.0.30717.126
MinimumVisualStudioVersion = 10.0.40219.1
Project("{FAE04EC0-301F-11D3-BF4B-00C04F79EFBC}") = "EmfToPdf", "EmfToPdf\EmfToPdf.csproj", "{25AB22A0-1C63-41D0-9D19-549957BAF932}"
EndProject
Global
	GlobalSection(SolutionConfigurationPlatforms) = preSolution
		Debug|Any CPU = Debug|Any CPU
		Release|Any CPU = Release|Any CPU
	EndGlobalSection
	GlobalSection(ProjectConfigurationPlatforms) = postSolution
		{25AB22A0-1C63-41D0-9D19-549957BAF932}.Debug|Any CPU.ActiveCfg = Debug|Any CPU
		{25AB22A0-1C63-41D0-9D19-549957BAF932}.Debug|Any CPU.Build.0 = Debug|Any CPU
		{25AB22A0-1C63-41D0-9D19-549957BAF932}.Release|Any CPU.ActiveCfg = Release|Any CPU
		{25AB22A0-1C63-41D0-9D19-549957BAF932}.Release|Any CPU.Build.0 = Release|Any CPU
	EndGlobalSection
	GlobalSection(SolutionProperties) = preSolution
		HideSolutionNode = FALSE
	EndGlobalSection
	GlobalSection(ExtensibilityGlobals) = postSolution
		SolutionGuid = {18C14264-0A2C-436F-8FF6-33FE0070E8A3}
	EndGlobalSection
EndGlobal
