
Microsoft Visual Studio Solution File, Format Version 12.00
# Visual Studio 14
VisualStudioVersion = 14.0.24720.0
MinimumVisualStudioVersion = 10.0.40219.1
Project("{FAE04EC0-301F-11D3-BF4B-00C04F79EFBC}") = "CopyArrayBenchmark", "CopyArrayBenchmark\CopyArrayBenchmark.csproj", "{6AB28519-7B15-4828-85D4-357AEB09A123}"
	ProjectSection(ProjectDependencies) = postProject
		{68585E5A-27BB-4FAC-91E1-FE3875668335} = {68585E5A-27BB-4FAC-91E1-FE3875668335}
	EndProjectSection
EndProject
Project("{8BC9CEB8-8B4A-11D0-8D11-00A0C91BC942}") = "CopyArrayNative", "CopyArrayNative\CopyArrayNative.vcxproj", "{68585E5A-27BB-4FAC-91E1-FE3875668335}"
EndProject
Project("{FAE04EC0-301F-11D3-BF4B-00C04F79EFBC}") = "CopyArrayCSharp", "CopyArrayCSharp\CopyArrayCSharp.csproj", "{AB27CAAF-8DA7-47A2-AC5D-2E3D5E2D9FB7}"
	ProjectSection(ProjectDependencies) = postProject
		{68585E5A-27BB-4FAC-91E1-FE3875668335} = {68585E5A-27BB-4FAC-91E1-FE3875668335}
	EndProjectSection
EndProject
Project("{FAE04EC0-301F-11D3-BF4B-00C04F79EFBC}") = "Common", "..\..\Common\Common.csproj", "{B5EBAD3E-67DF-4E3B-9B16-E977BD49376D}"
EndProject
Global
	GlobalSection(SolutionConfigurationPlatforms) = preSolution
		Debug|Any CPU = Debug|Any CPU
		Debug|x64 = Debug|x64
		Debug|x86 = Debug|x86
		Release|Any CPU = Release|Any CPU
		Release|x64 = Release|x64
		Release|x86 = Release|x86
	EndGlobalSection
	GlobalSection(ProjectConfigurationPlatforms) = postSolution
		{6AB28519-7B15-4828-85D4-357AEB09A123}.Debug|Any CPU.ActiveCfg = Debug|Any CPU
		{6AB28519-7B15-4828-85D4-357AEB09A123}.Debug|Any CPU.Build.0 = Debug|Any CPU
		{6AB28519-7B15-4828-85D4-357AEB09A123}.Debug|x64.ActiveCfg = Debug|Any CPU
		{6AB28519-7B15-4828-85D4-357AEB09A123}.Debug|x64.Build.0 = Debug|Any CPU
		{6AB28519-7B15-4828-85D4-357AEB09A123}.Debug|x86.ActiveCfg = Debug|Any CPU
		{6AB28519-7B15-4828-85D4-357AEB09A123}.Debug|x86.Build.0 = Debug|Any CPU
		{6AB28519-7B15-4828-85D4-357AEB09A123}.Release|Any CPU.ActiveCfg = Release|Any CPU
		{6AB28519-7B15-4828-85D4-357AEB09A123}.Release|Any CPU.Build.0 = Release|Any CPU
		{6AB28519-7B15-4828-85D4-357AEB09A123}.Release|x64.ActiveCfg = Release|Any CPU
		{6AB28519-7B15-4828-85D4-357AEB09A123}.Release|x64.Build.0 = Release|Any CPU
		{6AB28519-7B15-4828-85D4-357AEB09A123}.Release|x86.ActiveCfg = Release|Any CPU
		{6AB28519-7B15-4828-85D4-357AEB09A123}.Release|x86.Build.0 = Release|Any CPU
		{68585E5A-27BB-4FAC-91E1-FE3875668335}.Debug|Any CPU.ActiveCfg = Debug|Win32
		{68585E5A-27BB-4FAC-91E1-FE3875668335}.Debug|Any CPU.Build.0 = Debug|Win32
		{68585E5A-27BB-4FAC-91E1-FE3875668335}.Debug|x64.ActiveCfg = Debug|x64
		{68585E5A-27BB-4FAC-91E1-FE3875668335}.Debug|x64.Build.0 = Debug|x64
		{68585E5A-27BB-4FAC-91E1-FE3875668335}.Debug|x86.ActiveCfg = Debug|Win32
		{68585E5A-27BB-4FAC-91E1-FE3875668335}.Debug|x86.Build.0 = Debug|Win32
		{68585E5A-27BB-4FAC-91E1-FE3875668335}.Release|Any CPU.ActiveCfg = Release|Win32
		{68585E5A-27BB-4FAC-91E1-FE3875668335}.Release|x64.ActiveCfg = Release|x64
		{68585E5A-27BB-4FAC-91E1-FE3875668335}.Release|x64.Build.0 = Release|x64
		{68585E5A-27BB-4FAC-91E1-FE3875668335}.Release|x86.ActiveCfg = Release|Win32
		{68585E5A-27BB-4FAC-91E1-FE3875668335}.Release|x86.Build.0 = Release|Win32
		{AB27CAAF-8DA7-47A2-AC5D-2E3D5E2D9FB7}.Debug|Any CPU.ActiveCfg = Debug|Any CPU
		{AB27CAAF-8DA7-47A2-AC5D-2E3D5E2D9FB7}.Debug|Any CPU.Build.0 = Debug|Any CPU
		{AB27CAAF-8DA7-47A2-AC5D-2E3D5E2D9FB7}.Debug|x64.ActiveCfg = Debug|Any CPU
		{AB27CAAF-8DA7-47A2-AC5D-2E3D5E2D9FB7}.Debug|x64.Build.0 = Debug|Any CPU
		{AB27CAAF-8DA7-47A2-AC5D-2E3D5E2D9FB7}.Debug|x86.ActiveCfg = Debug|Any CPU
		{AB27CAAF-8DA7-47A2-AC5D-2E3D5E2D9FB7}.Debug|x86.Build.0 = Debug|Any CPU
		{AB27CAAF-8DA7-47A2-AC5D-2E3D5E2D9FB7}.Release|Any CPU.ActiveCfg = Release|Any CPU
		{AB27CAAF-8DA7-47A2-AC5D-2E3D5E2D9FB7}.Release|Any CPU.Build.0 = Release|Any CPU
		{AB27CAAF-8DA7-47A2-AC5D-2E3D5E2D9FB7}.Release|x64.ActiveCfg = Release|Any CPU
		{AB27CAAF-8DA7-47A2-AC5D-2E3D5E2D9FB7}.Release|x64.Build.0 = Release|Any CPU
		{AB27CAAF-8DA7-47A2-AC5D-2E3D5E2D9FB7}.Release|x86.ActiveCfg = Release|Any CPU
		{AB27CAAF-8DA7-47A2-AC5D-2E3D5E2D9FB7}.Release|x86.Build.0 = Release|Any CPU
		{B5EBAD3E-67DF-4E3B-9B16-E977BD49376D}.Debug|Any CPU.ActiveCfg = Debug|Any CPU
		{B5EBAD3E-67DF-4E3B-9B16-E977BD49376D}.Debug|Any CPU.Build.0 = Debug|Any CPU
		{B5EBAD3E-67DF-4E3B-9B16-E977BD49376D}.Debug|x64.ActiveCfg = Debug|Any CPU
		{B5EBAD3E-67DF-4E3B-9B16-E977BD49376D}.Debug|x64.Build.0 = Debug|Any CPU
		{B5EBAD3E-67DF-4E3B-9B16-E977BD49376D}.Debug|x86.ActiveCfg = Debug|Any CPU
		{B5EBAD3E-67DF-4E3B-9B16-E977BD49376D}.Debug|x86.Build.0 = Debug|Any CPU
		{B5EBAD3E-67DF-4E3B-9B16-E977BD49376D}.Release|Any CPU.ActiveCfg = Release|Any CPU
		{B5EBAD3E-67DF-4E3B-9B16-E977BD49376D}.Release|Any CPU.Build.0 = Release|Any CPU
		{B5EBAD3E-67DF-4E3B-9B16-E977BD49376D}.Release|x64.ActiveCfg = Release|Any CPU
		{B5EBAD3E-67DF-4E3B-9B16-E977BD49376D}.Release|x64.Build.0 = Release|Any CPU
		{B5EBAD3E-67DF-4E3B-9B16-E977BD49376D}.Release|x86.ActiveCfg = Release|Any CPU
		{B5EBAD3E-67DF-4E3B-9B16-E977BD49376D}.Release|x86.Build.0 = Release|Any CPU
	EndGlobalSection
	GlobalSection(SolutionProperties) = preSolution
		HideSolutionNode = FALSE
	EndGlobalSection
EndGlobal
