
Microsoft Visual Studio Solution File, Format Version 12.00
# Visual Studio Version 16
VisualStudioVersion = 16.0.30717.126
MinimumVisualStudioVersion = 10.0.40219.1
Project("{FAE04EC0-301F-11D3-BF4B-00C04F79EFBC}") = "FastMemberDemo", "FastMemberDemo\FastMemberDemo.csproj", "{4204EEB2-B6C1-4BCB-81ED-A90B6BB8BF13}"
EndProject
Project("{FAE04EC0-301F-11D3-BF4B-00C04F79EFBC}") = "UIAutomation", "..\..\Console\Automation\FlaUI\UIAutomation\UIAutomation\UIAutomation.csproj", "{AD3869E7-0205-4051-83B1-D960B68974B8}"
EndProject
Global
	GlobalSection(SolutionConfigurationPlatforms) = preSolution
		Debug|Any CPU = Debug|Any CPU
		Release|Any CPU = Release|Any CPU
	EndGlobalSection
	GlobalSection(ProjectConfigurationPlatforms) = postSolution
		{4204EEB2-B6C1-4BCB-81ED-A90B6BB8BF13}.Debug|Any CPU.ActiveCfg = Debug|Any CPU
		{4204EEB2-B6C1-4BCB-81ED-A90B6BB8BF13}.Debug|Any CPU.Build.0 = Debug|Any CPU
		{4204EEB2-B6C1-4BCB-81ED-A90B6BB8BF13}.Release|Any CPU.ActiveCfg = Release|Any CPU
		{4204EEB2-B6C1-4BCB-81ED-A90B6BB8BF13}.Release|Any CPU.Build.0 = Release|Any CPU
		{AD3869E7-0205-4051-83B1-D960B68974B8}.Debug|Any CPU.ActiveCfg = Debug|Any CPU
		{AD3869E7-0205-4051-83B1-D960B68974B8}.Debug|Any CPU.Build.0 = Debug|Any CPU
		{AD3869E7-0205-4051-83B1-D960B68974B8}.Release|Any CPU.ActiveCfg = Release|Any CPU
		{AD3869E7-0205-4051-83B1-D960B68974B8}.Release|Any CPU.Build.0 = Release|Any CPU
	EndGlobalSection
	GlobalSection(SolutionProperties) = preSolution
		HideSolutionNode = FALSE
	EndGlobalSection
	GlobalSection(ExtensibilityGlobals) = postSolution
		SolutionGuid = {9DD179E1-16E4-473A-8CE0-1B85FB9E0CED}
	EndGlobalSection
EndGlobal
