
Microsoft Visual Studio Solution File, Format Version 12.00
# Visual Studio Version 16
VisualStudioVersion = 16.0.30717.126
MinimumVisualStudioVersion = 10.0.40219.1
Project("{9A19103F-16F7-4668-BE54-9A1E7A4F7556}") = "FastMemberDemoDotNet", "FastMemberDemoDotNet\FastMemberDemoDotNet.csproj", "{E5A10D3A-5969-4F93-9590-03478EF1FE8C}"
EndProject
Project("{9A19103F-16F7-4668-BE54-9A1E7A4F7556}") = "UIAutomation.DotNet", "..\..\Console\Automation\FlaUI\UIAutomation.DotNet\UIAutomation.DotNet\UIAutomation.DotNet.csproj", "{E0F9091E-BDAC-4D5E-A5BE-5F3B6C5F8512}"
EndProject
Project("{9A19103F-16F7-4668-BE54-9A1E7A4F7556}") = "FlaUI.Extensions.DotNet", "..\..\Console\Automation\FlaUI\FlaUI.Extensions.DotNet\FlaUI.Extensions.DotNet.csproj", "{20164029-A9BF-4FC2-AD07-2C5EE3F74F60}"
EndProject
Global
	GlobalSection(SolutionConfigurationPlatforms) = preSolution
		Debug|Any CPU = Debug|Any CPU
		Release|Any CPU = Release|Any CPU
	EndGlobalSection
	GlobalSection(ProjectConfigurationPlatforms) = postSolution
		{E5A10D3A-5969-4F93-9590-03478EF1FE8C}.Debug|Any CPU.ActiveCfg = Debug|Any CPU
		{E5A10D3A-5969-4F93-9590-03478EF1FE8C}.Debug|Any CPU.Build.0 = Debug|Any CPU
		{E5A10D3A-5969-4F93-9590-03478EF1FE8C}.Release|Any CPU.ActiveCfg = Release|Any CPU
		{E5A10D3A-5969-4F93-9590-03478EF1FE8C}.Release|Any CPU.Build.0 = Release|Any CPU
		{E0F9091E-BDAC-4D5E-A5BE-5F3B6C5F8512}.Debug|Any CPU.ActiveCfg = Debug|Any CPU
		{E0F9091E-BDAC-4D5E-A5BE-5F3B6C5F8512}.Debug|Any CPU.Build.0 = Debug|Any CPU
		{E0F9091E-BDAC-4D5E-A5BE-5F3B6C5F8512}.Release|Any CPU.ActiveCfg = Release|Any CPU
		{E0F9091E-BDAC-4D5E-A5BE-5F3B6C5F8512}.Release|Any CPU.Build.0 = Release|Any CPU
		{20164029-A9BF-4FC2-AD07-2C5EE3F74F60}.Debug|Any CPU.ActiveCfg = Debug|Any CPU
		{20164029-A9BF-4FC2-AD07-2C5EE3F74F60}.Debug|Any CPU.Build.0 = Debug|Any CPU
		{20164029-A9BF-4FC2-AD07-2C5EE3F74F60}.Release|Any CPU.ActiveCfg = Release|Any CPU
		{20164029-A9BF-4FC2-AD07-2C5EE3F74F60}.Release|Any CPU.Build.0 = Release|Any CPU
	EndGlobalSection
	GlobalSection(SolutionProperties) = preSolution
		HideSolutionNode = FALSE
	EndGlobalSection
	GlobalSection(ExtensibilityGlobals) = postSolution
		SolutionGuid = {0DDBA0A4-FDDD-4D4A-93DE-9E3C4F6C9B41}
	EndGlobalSection
EndGlobal
