
Microsoft Visual Studio Solution File, Format Version 12.00
# Visual Studio Version 16
VisualStudioVersion = 16.0.30717.126
MinimumVisualStudioVersion = 10.0.40219.1
Project("{FAE04EC0-301F-11D3-BF4B-00C04F79EFBC}") = "MetafileViewer", "MetafileViewer\MetafileViewer.csproj", "{986D0356-375D-4ED3-8F7C-4D4C6D50800C}"
EndProject
Global
	GlobalSection(SolutionConfigurationPlatforms) = preSolution
		Debug|Any CPU = Debug|Any CPU
		Release|Any CPU = Release|Any CPU
	EndGlobalSection
	GlobalSection(ProjectConfigurationPlatforms) = postSolution
		{986D0356-375D-4ED3-8F7C-4D4C6D50800C}.Debug|Any CPU.ActiveCfg = Debug|Any CPU
		{986D0356-375D-4ED3-8F7C-4D4C6D50800C}.Debug|Any CPU.Build.0 = Debug|Any CPU
		{986D0356-375D-4ED3-8F7C-4D4C6D50800C}.Release|Any CPU.ActiveCfg = Release|Any CPU
		{986D0356-375D-4ED3-8F7C-4D4C6D50800C}.Release|Any CPU.Build.0 = Release|Any CPU
	EndGlobalSection
	GlobalSection(SolutionProperties) = preSolution
		HideSolutionNode = FALSE
	EndGlobalSection
	GlobalSection(ExtensibilityGlobals) = postSolution
		SolutionGuid = {A61E5F6F-9896-43AC-AE8D-97EC0A6A860D}
	EndGlobalSection
EndGlobal
