
Microsoft Visual Studio Solution File, Format Version 12.00
# Visual Studio Version 16
VisualStudioVersion = 16.0.30717.126
MinimumVisualStudioVersion = 10.0.40219.1
Project("{FAE04EC0-301F-11D3-BF4B-00C04F79EFBC}") = "ProtectedModuleCannotDisassemble", "ProtectedModuleCannotDisassemble\ProtectedModuleCannotDisassemble.csproj", "{8B2686C5-BD47-4A86-B5A3-0430F8D3F3E7}"
EndProject
Global
	GlobalSection(SolutionConfigurationPlatforms) = preSolution
		Debug|Any CPU = Debug|Any CPU
		Release|Any CPU = Release|Any CPU
	EndGlobalSection
	GlobalSection(ProjectConfigurationPlatforms) = postSolution
		{8B2686C5-BD47-4A86-B5A3-0430F8D3F3E7}.Debug|Any CPU.ActiveCfg = Debug|Any CPU
		{8B2686C5-BD47-4A86-B5A3-0430F8D3F3E7}.Debug|Any CPU.Build.0 = Debug|Any CPU
		{8B2686C5-BD47-4A86-B5A3-0430F8D3F3E7}.Release|Any CPU.ActiveCfg = Release|Any CPU
		{8B2686C5-BD47-4A86-B5A3-0430F8D3F3E7}.Release|Any CPU.Build.0 = Release|Any CPU
	EndGlobalSection
	GlobalSection(SolutionProperties) = preSolution
		HideSolutionNode = FALSE
	EndGlobalSection
	GlobalSection(ExtensibilityGlobals) = postSolution
		SolutionGuid = {C54B158E-4D8F-4220-9127-45E072DDF03E}
	EndGlobalSection
EndGlobal
