
Microsoft Visual Studio Solution File, Format Version 12.00
# Visual Studio Version 16
VisualStudioVersion = 16.0.30717.126
MinimumVisualStudioVersion = 10.0.40219.1
Project("{FAE04EC0-301F-11D3-BF4B-00C04F79EFBC}") = "mycat", "mycat\mycat.csproj", "{FE0C88E6-4134-483A-B6FF-4194EFD7CA83}"
EndProject
Global
	GlobalSection(SolutionConfigurationPlatforms) = preSolution
		Debug|Any CPU = Debug|Any CPU
		Release|Any CPU = Release|Any CPU
	EndGlobalSection
	GlobalSection(ProjectConfigurationPlatforms) = postSolution
		{FE0C88E6-4134-483A-B6FF-4194EFD7CA83}.Debug|Any CPU.ActiveCfg = Debug|Any CPU
		{FE0C88E6-4134-483A-B6FF-4194EFD7CA83}.Debug|Any CPU.Build.0 = Debug|Any CPU
		{FE0C88E6-4134-483A-B6FF-4194EFD7CA83}.Release|Any CPU.ActiveCfg = Release|Any CPU
		{FE0C88E6-4134-483A-B6FF-4194EFD7CA83}.Release|Any CPU.Build.0 = Release|Any CPU
	EndGlobalSection
	GlobalSection(SolutionProperties) = preSolution
		HideSolutionNode = FALSE
	EndGlobalSection
	GlobalSection(ExtensibilityGlobals) = postSolution
		SolutionGuid = {E0E05277-B350-4AA3-BC6D-782262E0ED3A}
	EndGlobalSection
EndGlobal
