
Microsoft Visual Studio Solution File, Format Version 12.00
# Visual Studio Version 16
VisualStudioVersion = 16.0.30717.126
MinimumVisualStudioVersion = 10.0.40219.1
Project("{FAE04EC0-301F-11D3-BF4B-00C04F79EFBC}") = "NotifyPropertyChangedDemo", "NotifyPropertyChangedDemo\NotifyPropertyChangedDemo.csproj", "{D4CFDBC1-BA49-4A2C-9832-D34F2A7F940D}"
EndProject
Global
	GlobalSection(SolutionConfigurationPlatforms) = preSolution
		Debug|Any CPU = Debug|Any CPU
		Release|Any CPU = Release|Any CPU
	EndGlobalSection
	GlobalSection(ProjectConfigurationPlatforms) = postSolution
		{D4CFDBC1-BA49-4A2C-9832-D34F2A7F940D}.Debug|Any CPU.ActiveCfg = Debug|Any CPU
		{D4CFDBC1-BA49-4A2C-9832-D34F2A7F940D}.Debug|Any CPU.Build.0 = Debug|Any CPU
		{D4CFDBC1-BA49-4A2C-9832-D34F2A7F940D}.Release|Any CPU.ActiveCfg = Release|Any CPU
		{D4CFDBC1-BA49-4A2C-9832-D34F2A7F940D}.Release|Any CPU.Build.0 = Release|Any CPU
	EndGlobalSection
	GlobalSection(SolutionProperties) = preSolution
		HideSolutionNode = FALSE
	EndGlobalSection
	GlobalSection(ExtensibilityGlobals) = postSolution
		SolutionGuid = {248EF818-41E4-4265-ACB3-7EEF64B3CDC7}
	EndGlobalSection
EndGlobal
